// !$*UTF8*$!
{
	archiveVersion = 1;
	classes = {
	};
	objectVersion = 50;
	objects = {

/* Begin PBXBuildFile section */
		0808A4AC23F2F265008AA441 /* Reachability.swift in Sources */ = {isa = PBXBuildFile; fileRef = 0808A4AB23F2F265008AA441 /* Reachability.swift */; };
		0808A4AE23F2F72A008AA441 /* ImageResponse.swift in Sources */ = {isa = PBXBuildFile; fileRef = 0808A4AD23F2F72A008AA441 /* ImageResponse.swift */; };
		0808A4EE23F2FBCE008AA441 /* NetworkingManagerServiceLocator.swift in Sources */ = {isa = PBXBuildFile; fileRef = 0808A4ED23F2FBCE008AA441 /* NetworkingManagerServiceLocator.swift */; };
		0808A4F223F2FE26008AA441 /* URLTaskProcessorServiceLocator.swift in Sources */ = {isa = PBXBuildFile; fileRef = 0808A4F123F2FE26008AA441 /* URLTaskProcessorServiceLocator.swift */; };
		0868427723F278D600AB9730 /* RedditNetworking.framework in Frameworks */ = {isa = PBXBuildFile; fileRef = 0868426D23F278D600AB9730 /* RedditNetworking.framework */; };
		0868427C23F278D600AB9730 /* HTTPResponseTests.swift in Sources */ = {isa = PBXBuildFile; fileRef = 0868427B23F278D600AB9730 /* HTTPResponseTests.swift */; };
		0868427E23F278D600AB9730 /* RedditNetworking.h in Headers */ = {isa = PBXBuildFile; fileRef = 0868427023F278D600AB9730 /* RedditNetworking.h */; settings = {ATTRIBUTES = (Public, ); }; };
		0868429323F278F800AB9730 /* RequestProtocol.swift in Sources */ = {isa = PBXBuildFile; fileRef = 0868429223F278F800AB9730 /* RequestProtocol.swift */; };
		0868429523F278F900AB9730 /* ResponseProtocol.swift in Sources */ = {isa = PBXBuildFile; fileRef = 0868429023F278F800AB9730 /* ResponseProtocol.swift */; };
		0868429723F2790900AB9730 /* URLComponents+Extensions.swift in Sources */ = {isa = PBXBuildFile; fileRef = 0868429623F2790900AB9730 /* URLComponents+Extensions.swift */; };
		086842CD23F279C500AB9730 /* RedditCommon.framework in Frameworks */ = {isa = PBXBuildFile; fileRef = 086842CC23F279C500AB9730 /* RedditCommon.framework */; };
		086842CE23F279C500AB9730 /* RedditCommon.framework in Embed Frameworks */ = {isa = PBXBuildFile; fileRef = 086842CC23F279C500AB9730 /* RedditCommon.framework */; settings = {ATTRIBUTES = (CodeSignOnCopy, RemoveHeadersOnCopy, ); }; };
		086842D723F27A3A00AB9730 /* HTTPResponse.swift in Sources */ = {isa = PBXBuildFile; fileRef = 086842D623F27A3A00AB9730 /* HTTPResponse.swift */; };
		086842D923F27A5500AB9730 /* NetworkingError.swift in Sources */ = {isa = PBXBuildFile; fileRef = 086842D823F27A5500AB9730 /* NetworkingError.swift */; };
		086842DB23F27A8A00AB9730 /* NetworkingManager.swift in Sources */ = {isa = PBXBuildFile; fileRef = 086842DA23F27A8A00AB9730 /* NetworkingManager.swift */; };
		0884915F23F3C9E500FF3FAF /* DataTasksHolderServiceLocator.swift in Sources */ = {isa = PBXBuildFile; fileRef = 0884915E23F3C9E500FF3FAF /* DataTasksHolderServiceLocator.swift */; };
		0884916223F3CA4200FF3FAF /* NetworkSessionProtocol.swift in Sources */ = {isa = PBXBuildFile; fileRef = 0884916123F3CA4200FF3FAF /* NetworkSessionProtocol.swift */; };
		0884916923F3CE7600FF3FAF /* NetworkSessionServiceLocator.swift in Sources */ = {isa = PBXBuildFile; fileRef = 0884916823F3CE7600FF3FAF /* NetworkSessionServiceLocator.swift */; };
		0884918D23F3ED9800FF3FAF /* URLComponents+ExtensionsTests.swift in Sources */ = {isa = PBXBuildFile; fileRef = 0884918C23F3ED9800FF3FAF /* URLComponents+ExtensionsTests.swift */; };
		0884919223F3EF1500FF3FAF /* TestRequest.swift in Sources */ = {isa = PBXBuildFile; fileRef = 0884919123F3EF1500FF3FAF /* TestRequest.swift */; };
		0884919423F3F48800FF3FAF /* TestResponse.swift in Sources */ = {isa = PBXBuildFile; fileRef = 0884919323F3F48800FF3FAF /* TestResponse.swift */; };
		0884919623F3F4DD00FF3FAF /* TestError.swift in Sources */ = {isa = PBXBuildFile; fileRef = 0884919523F3F4DD00FF3FAF /* TestError.swift */; };
		0884919823F3F7B100FF3FAF /* TestResponseData.swift in Sources */ = {isa = PBXBuildFile; fileRef = 0884919723F3F7B100FF3FAF /* TestResponseData.swift */; };
		0884919A23F3FA0C00FF3FAF /* TestDataTask.swift in Sources */ = {isa = PBXBuildFile; fileRef = 0884919923F3FA0C00FF3FAF /* TestDataTask.swift */; };
		0884919F23F3FB5300FF3FAF /* TestNetworkSession.swift in Sources */ = {isa = PBXBuildFile; fileRef = 0884919E23F3FB5300FF3FAF /* TestNetworkSession.swift */; };
		088491A223F402B500FF3FAF /* TestDataTasksHolder.swift in Sources */ = {isa = PBXBuildFile; fileRef = 088491A123F402B500FF3FAF /* TestDataTasksHolder.swift */; };
		088491A523F403CB00FF3FAF /* TestURLTaskProcessor.swift in Sources */ = {isa = PBXBuildFile; fileRef = 088491A423F403CB00FF3FAF /* TestURLTaskProcessor.swift */; };
		088491E223F4086700FF3FAF /* TestNetworkingManager.swift in Sources */ = {isa = PBXBuildFile; fileRef = 088491E123F4086700FF3FAF /* TestNetworkingManager.swift */; };
		088491E423F40E4C00FF3FAF /* testImage.png in Resources */ = {isa = PBXBuildFile; fileRef = 088491E323F40E4C00FF3FAF /* testImage.png */; };
		088491E723F40E9C00FF3FAF /* ImageResponseTests.swift in Sources */ = {isa = PBXBuildFile; fileRef = 088491E623F40E9C00FF3FAF /* ImageResponseTests.swift */; };
		088491E923F40EE200FF3FAF /* TestImage.swift in Sources */ = {isa = PBXBuildFile; fileRef = 088491E823F40EE200FF3FAF /* TestImage.swift */; };
		088491ED23F4127300FF3FAF /* DataTaskTests.swift in Sources */ = {isa = PBXBuildFile; fileRef = 088491EC23F4127300FF3FAF /* DataTaskTests.swift */; };
		088491EF23F412EB00FF3FAF /* TestURL.swift in Sources */ = {isa = PBXBuildFile; fileRef = 088491EE23F412EB00FF3FAF /* TestURL.swift */; };
		088491F223F4150E00FF3FAF /* DataTasksHolderTests.swift in Sources */ = {isa = PBXBuildFile; fileRef = 088491F123F4150E00FF3FAF /* DataTasksHolderTests.swift */; };
		088491F523F423CD00FF3FAF /* URLTaskProcessorTests.swift in Sources */ = {isa = PBXBuildFile; fileRef = 088491F423F423CD00FF3FAF /* URLTaskProcessorTests.swift */; };
		088491F723F429AC00FF3FAF /* URLSessionTaskProtocol.swift in Sources */ = {isa = PBXBuildFile; fileRef = 088491F623F429AC00FF3FAF /* URLSessionTaskProtocol.swift */; };
		08967C8523F2804700D516F5 /* DataTasksHolder.swift in Sources */ = {isa = PBXBuildFile; fileRef = 08967C8423F2804700D516F5 /* DataTasksHolder.swift */; };
		08967C8723F2864D00D516F5 /* URLTaskProcessor.swift in Sources */ = {isa = PBXBuildFile; fileRef = 08967C8623F2864D00D516F5 /* URLTaskProcessor.swift */; };
		08DB694E23F43F06000BCED2 /* TestHTTPURLResponse.swift in Sources */ = {isa = PBXBuildFile; fileRef = 08DB694D23F43F06000BCED2 /* TestHTTPURLResponse.swift */; };
		08DB695123F44141000BCED2 /* NetworkingManagerTests.swift in Sources */ = {isa = PBXBuildFile; fileRef = 08DB695023F44141000BCED2 /* NetworkingManagerTests.swift */; };
		08DB695323F442A0000BCED2 /* ReachabilityServiceLocator.swift in Sources */ = {isa = PBXBuildFile; fileRef = 08DB695223F442A0000BCED2 /* ReachabilityServiceLocator.swift */; };
		08DB695623F445EB000BCED2 /* TestReachability.swift in Sources */ = {isa = PBXBuildFile; fileRef = 08DB695523F445EB000BCED2 /* TestReachability.swift */; };
		08DF8EC723F27D7A00E5146F /* DataTask.swift in Sources */ = {isa = PBXBuildFile; fileRef = 08DF8EC623F27D7A00E5146F /* DataTask.swift */; };
/* End PBXBuildFile section */

/* Begin PBXContainerItemProxy section */
		0868427823F278D600AB9730 /* PBXContainerItemProxy */ = {
			isa = PBXContainerItemProxy;
			containerPortal = 0868426423F278D600AB9730 /* Project object */;
			proxyType = 1;
			remoteGlobalIDString = 0868426C23F278D600AB9730;
			remoteInfo = RedditNetworking;
		};
/* End PBXContainerItemProxy section */

/* Begin PBXCopyFilesBuildPhase section */
		086842CF23F279C500AB9730 /* Embed Frameworks */ = {
			isa = PBXCopyFilesBuildPhase;
			buildActionMask = 2147483647;
			dstPath = "";
			dstSubfolderSpec = 10;
			files = (
				086842CE23F279C500AB9730 /* RedditCommon.framework in Embed Frameworks */,
			);
			name = "Embed Frameworks";
			runOnlyForDeploymentPostprocessing = 0;
		};
/* End PBXCopyFilesBuildPhase section */

/* Begin PBXFileReference section */
		0808A4AB23F2F265008AA441 /* Reachability.swift */ = {isa = PBXFileReference; fileEncoding = 4; lastKnownFileType = sourcecode.swift; path = Reachability.swift; sourceTree = "<group>"; };
		0808A4AD23F2F72A008AA441 /* ImageResponse.swift */ = {isa = PBXFileReference; lastKnownFileType = sourcecode.swift; path = ImageResponse.swift; sourceTree = "<group>"; };
		0808A4ED23F2FBCE008AA441 /* NetworkingManagerServiceLocator.swift */ = {isa = PBXFileReference; lastKnownFileType = sourcecode.swift; path = NetworkingManagerServiceLocator.swift; sourceTree = "<group>"; };
		0808A4F123F2FE26008AA441 /* URLTaskProcessorServiceLocator.swift */ = {isa = PBXFileReference; lastKnownFileType = sourcecode.swift; path = URLTaskProcessorServiceLocator.swift; sourceTree = "<group>"; };
		0868426D23F278D600AB9730 /* RedditNetworking.framework */ = {isa = PBXFileReference; explicitFileType = wrapper.framework; includeInIndex = 0; path = RedditNetworking.framework; sourceTree = BUILT_PRODUCTS_DIR; };
		0868427023F278D600AB9730 /* RedditNetworking.h */ = {isa = PBXFileReference; lastKnownFileType = sourcecode.c.h; path = RedditNetworking.h; sourceTree = "<group>"; };
		0868427123F278D600AB9730 /* Info.plist */ = {isa = PBXFileReference; lastKnownFileType = text.plist.xml; path = Info.plist; sourceTree = "<group>"; };
		0868427623F278D600AB9730 /* RedditNetworkingTests.xctest */ = {isa = PBXFileReference; explicitFileType = wrapper.cfbundle; includeInIndex = 0; path = RedditNetworkingTests.xctest; sourceTree = BUILT_PRODUCTS_DIR; };
		0868427B23F278D600AB9730 /* HTTPResponseTests.swift */ = {isa = PBXFileReference; lastKnownFileType = sourcecode.swift; path = HTTPResponseTests.swift; sourceTree = "<group>"; };
		0868427D23F278D600AB9730 /* Info.plist */ = {isa = PBXFileReference; lastKnownFileType = text.plist.xml; path = Info.plist; sourceTree = "<group>"; };
		0868429023F278F800AB9730 /* ResponseProtocol.swift */ = {isa = PBXFileReference; lastKnownFileType = sourcecode.swift; path = ResponseProtocol.swift; sourceTree = "<group>"; };
		0868429223F278F800AB9730 /* RequestProtocol.swift */ = {isa = PBXFileReference; lastKnownFileType = sourcecode.swift; path = RequestProtocol.swift; sourceTree = "<group>"; };
		0868429623F2790900AB9730 /* URLComponents+Extensions.swift */ = {isa = PBXFileReference; lastKnownFileType = sourcecode.swift; path = "URLComponents+Extensions.swift"; sourceTree = "<group>"; };
		086842CC23F279C500AB9730 /* RedditCommon.framework */ = {isa = PBXFileReference; explicitFileType = wrapper.framework; path = RedditCommon.framework; sourceTree = BUILT_PRODUCTS_DIR; };
		086842D623F27A3A00AB9730 /* HTTPResponse.swift */ = {isa = PBXFileReference; lastKnownFileType = sourcecode.swift; path = HTTPResponse.swift; sourceTree = "<group>"; };
		086842D823F27A5500AB9730 /* NetworkingError.swift */ = {isa = PBXFileReference; lastKnownFileType = sourcecode.swift; path = NetworkingError.swift; sourceTree = "<group>"; };
		086842DA23F27A8A00AB9730 /* NetworkingManager.swift */ = {isa = PBXFileReference; lastKnownFileType = sourcecode.swift; path = NetworkingManager.swift; sourceTree = "<group>"; };
		0884915E23F3C9E500FF3FAF /* DataTasksHolderServiceLocator.swift */ = {isa = PBXFileReference; lastKnownFileType = sourcecode.swift; path = DataTasksHolderServiceLocator.swift; sourceTree = "<group>"; };
		0884916123F3CA4200FF3FAF /* NetworkSessionProtocol.swift */ = {isa = PBXFileReference; lastKnownFileType = sourcecode.swift; path = NetworkSessionProtocol.swift; sourceTree = "<group>"; };
		0884916823F3CE7600FF3FAF /* NetworkSessionServiceLocator.swift */ = {isa = PBXFileReference; lastKnownFileType = sourcecode.swift; path = NetworkSessionServiceLocator.swift; sourceTree = "<group>"; };
		0884918C23F3ED9800FF3FAF /* URLComponents+ExtensionsTests.swift */ = {isa = PBXFileReference; lastKnownFileType = sourcecode.swift; path = "URLComponents+ExtensionsTests.swift"; sourceTree = "<group>"; };
		0884919123F3EF1500FF3FAF /* TestRequest.swift */ = {isa = PBXFileReference; lastKnownFileType = sourcecode.swift; path = TestRequest.swift; sourceTree = "<group>"; };
		0884919323F3F48800FF3FAF /* TestResponse.swift */ = {isa = PBXFileReference; lastKnownFileType = sourcecode.swift; path = TestResponse.swift; sourceTree = "<group>"; };
		0884919523F3F4DD00FF3FAF /* TestError.swift */ = {isa = PBXFileReference; lastKnownFileType = sourcecode.swift; path = TestError.swift; sourceTree = "<group>"; };
		0884919723F3F7B100FF3FAF /* TestResponseData.swift */ = {isa = PBXFileReference; lastKnownFileType = sourcecode.swift; path = TestResponseData.swift; sourceTree = "<group>"; };
		0884919923F3FA0C00FF3FAF /* TestDataTask.swift */ = {isa = PBXFileReference; lastKnownFileType = sourcecode.swift; path = TestDataTask.swift; sourceTree = "<group>"; };
		0884919E23F3FB5300FF3FAF /* TestNetworkSession.swift */ = {isa = PBXFileReference; lastKnownFileType = sourcecode.swift; path = TestNetworkSession.swift; sourceTree = "<group>"; };
		088491A123F402B500FF3FAF /* TestDataTasksHolder.swift */ = {isa = PBXFileReference; lastKnownFileType = sourcecode.swift; path = TestDataTasksHolder.swift; sourceTree = "<group>"; };
		088491A423F403CB00FF3FAF /* TestURLTaskProcessor.swift */ = {isa = PBXFileReference; lastKnownFileType = sourcecode.swift; path = TestURLTaskProcessor.swift; sourceTree = "<group>"; };
		088491E123F4086700FF3FAF /* TestNetworkingManager.swift */ = {isa = PBXFileReference; lastKnownFileType = sourcecode.swift; path = TestNetworkingManager.swift; sourceTree = "<group>"; };
		088491E323F40E4C00FF3FAF /* testImage.png */ = {isa = PBXFileReference; lastKnownFileType = image.png; path = testImage.png; sourceTree = "<group>"; };
		088491E623F40E9C00FF3FAF /* ImageResponseTests.swift */ = {isa = PBXFileReference; lastKnownFileType = sourcecode.swift; path = ImageResponseTests.swift; sourceTree = "<group>"; };
		088491E823F40EE200FF3FAF /* TestImage.swift */ = {isa = PBXFileReference; lastKnownFileType = sourcecode.swift; path = TestImage.swift; sourceTree = "<group>"; };
		088491EC23F4127300FF3FAF /* DataTaskTests.swift */ = {isa = PBXFileReference; lastKnownFileType = sourcecode.swift; path = DataTaskTests.swift; sourceTree = "<group>"; };
		088491EE23F412EB00FF3FAF /* TestURL.swift */ = {isa = PBXFileReference; lastKnownFileType = sourcecode.swift; path = TestURL.swift; sourceTree = "<group>"; };
		088491F123F4150E00FF3FAF /* DataTasksHolderTests.swift */ = {isa = PBXFileReference; lastKnownFileType = sourcecode.swift; path = DataTasksHolderTests.swift; sourceTree = "<group>"; };
		088491F423F423CD00FF3FAF /* URLTaskProcessorTests.swift */ = {isa = PBXFileReference; lastKnownFileType = sourcecode.swift; path = URLTaskProcessorTests.swift; sourceTree = "<group>"; };
		088491F623F429AC00FF3FAF /* URLSessionTaskProtocol.swift */ = {isa = PBXFileReference; lastKnownFileType = sourcecode.swift; path = URLSessionTaskProtocol.swift; sourceTree = "<group>"; };
		08967C8423F2804700D516F5 /* DataTasksHolder.swift */ = {isa = PBXFileReference; lastKnownFileType = sourcecode.swift; path = DataTasksHolder.swift; sourceTree = "<group>"; };
		08967C8623F2864D00D516F5 /* URLTaskProcessor.swift */ = {isa = PBXFileReference; lastKnownFileType = sourcecode.swift; path = URLTaskProcessor.swift; sourceTree = "<group>"; };
		08DB694D23F43F06000BCED2 /* TestHTTPURLResponse.swift */ = {isa = PBXFileReference; lastKnownFileType = sourcecode.swift; path = TestHTTPURLResponse.swift; sourceTree = "<group>"; };
		08DB695023F44141000BCED2 /* NetworkingManagerTests.swift */ = {isa = PBXFileReference; lastKnownFileType = sourcecode.swift; path = NetworkingManagerTests.swift; sourceTree = "<group>"; };
		08DB695223F442A0000BCED2 /* ReachabilityServiceLocator.swift */ = {isa = PBXFileReference; lastKnownFileType = sourcecode.swift; path = ReachabilityServiceLocator.swift; sourceTree = "<group>"; };
		08DB695523F445EB000BCED2 /* TestReachability.swift */ = {isa = PBXFileReference; lastKnownFileType = sourcecode.swift; path = TestReachability.swift; sourceTree = "<group>"; };
		08DF8EC623F27D7A00E5146F /* DataTask.swift */ = {isa = PBXFileReference; lastKnownFileType = sourcecode.swift; path = DataTask.swift; sourceTree = "<group>"; };
/* End PBXFileReference section */

/* Begin PBXFrameworksBuildPhase section */
		0868426A23F278D600AB9730 /* Frameworks */ = {
			isa = PBXFrameworksBuildPhase;
			buildActionMask = 2147483647;
			files = (
				086842CD23F279C500AB9730 /* RedditCommon.framework in Frameworks */,
			);
			runOnlyForDeploymentPostprocessing = 0;
		};
		0868427323F278D600AB9730 /* Frameworks */ = {
			isa = PBXFrameworksBuildPhase;
			buildActionMask = 2147483647;
			files = (
				0868427723F278D600AB9730 /* RedditNetworking.framework in Frameworks */,
			);
			runOnlyForDeploymentPostprocessing = 0;
		};
/* End PBXFrameworksBuildPhase section */

/* Begin PBXGroup section */
		0808A4AA23F2F25A008AA441 /* 3rdParty */ = {
			isa = PBXGroup;
			children = (
				0808A4AB23F2F265008AA441 /* Reachability.swift */,
				08DB695223F442A0000BCED2 /* ReachabilityServiceLocator.swift */,
			);
			path = 3rdParty;
			sourceTree = "<group>";
		};
		0808A4EF23F2FE03008AA441 /* NetworkingManager */ = {
			isa = PBXGroup;
			children = (
				086842DA23F27A8A00AB9730 /* NetworkingManager.swift */,
				0808A4ED23F2FBCE008AA441 /* NetworkingManagerServiceLocator.swift */,
			);
			path = NetworkingManager;
			sourceTree = "<group>";
		};
		0808A4F023F2FE16008AA441 /* URLTaskProcessor */ = {
			isa = PBXGroup;
			children = (
				08967C8623F2864D00D516F5 /* URLTaskProcessor.swift */,
				0808A4F123F2FE26008AA441 /* URLTaskProcessorServiceLocator.swift */,
			);
			path = URLTaskProcessor;
			sourceTree = "<group>";
		};
		0868426323F278D600AB9730 = {
			isa = PBXGroup;
			children = (
				0868426F23F278D600AB9730 /* RedditNetworking */,
				0868427A23F278D600AB9730 /* RedditNetworkingTests */,
				0868426E23F278D600AB9730 /* Products */,
				086842CB23F279C500AB9730 /* Frameworks */,
			);
			sourceTree = "<group>";
		};
		0868426E23F278D600AB9730 /* Products */ = {
			isa = PBXGroup;
			children = (
				0868426D23F278D600AB9730 /* RedditNetworking.framework */,
				0868427623F278D600AB9730 /* RedditNetworkingTests.xctest */,
			);
			name = Products;
			sourceTree = "<group>";
		};
		0868426F23F278D600AB9730 /* RedditNetworking */ = {
			isa = PBXGroup;
			children = (
				0808A4AA23F2F25A008AA441 /* 3rdParty */,
				08DF8EC523F27D6900E5146F /* Sources */,
				086842C923F2797700AB9730 /* Resources */,
			);
			path = RedditNetworking;
			sourceTree = "<group>";
		};
		0868427A23F278D600AB9730 /* RedditNetworkingTests */ = {
			isa = PBXGroup;
			children = (
				0884919023F3EEF700FF3FAF /* Stubs */,
				0884918E23F3EECF00FF3FAF /* Tests */,
				0884918F23F3EEDD00FF3FAF /* Resources */,
			);
			path = RedditNetworkingTests;
			sourceTree = "<group>";
		};
		086842C923F2797700AB9730 /* Resources */ = {
			isa = PBXGroup;
			children = (
				0868427023F278D600AB9730 /* RedditNetworking.h */,
				0868427123F278D600AB9730 /* Info.plist */,
			);
			path = Resources;
			sourceTree = "<group>";
		};
		086842CB23F279C500AB9730 /* Frameworks */ = {
			isa = PBXGroup;
			children = (
				086842CC23F279C500AB9730 /* RedditCommon.framework */,
			);
			name = Frameworks;
			sourceTree = "<group>";
		};
		086842DC23F27AC500AB9730 /* Utilities */ = {
			isa = PBXGroup;
			children = (
				086842D623F27A3A00AB9730 /* HTTPResponse.swift */,
				086842D823F27A5500AB9730 /* NetworkingError.swift */,
				0868429623F2790900AB9730 /* URLComponents+Extensions.swift */,
			);
			path = Utilities;
			sourceTree = "<group>";
		};
		0884915D23F3C9C200FF3FAF /* DataTasksHolder */ = {
			isa = PBXGroup;
			children = (
				08967C8423F2804700D516F5 /* DataTasksHolder.swift */,
				0884915E23F3C9E500FF3FAF /* DataTasksHolderServiceLocator.swift */,
			);
			path = DataTasksHolder;
			sourceTree = "<group>";
		};
		0884916723F3CE5B00FF3FAF /* NetworkSession */ = {
			isa = PBXGroup;
			children = (
				088491F623F429AC00FF3FAF /* URLSessionTaskProtocol.swift */,
				0884916123F3CA4200FF3FAF /* NetworkSessionProtocol.swift */,
				0884916823F3CE7600FF3FAF /* NetworkSessionServiceLocator.swift */,
			);
			path = NetworkSession;
			sourceTree = "<group>";
		};
		0884916A23F3D2EC00FF3FAF /* RequestResponse */ = {
			isa = PBXGroup;
			children = (
				0868429223F278F800AB9730 /* RequestProtocol.swift */,
				0868429023F278F800AB9730 /* ResponseProtocol.swift */,
				0808A4AD23F2F72A008AA441 /* ImageResponse.swift */,
				08DF8EC623F27D7A00E5146F /* DataTask.swift */,
			);
			path = RequestResponse;
			sourceTree = "<group>";
		};
		0884917B23F3E31500FF3FAF /* Sources */ = {
			isa = PBXGroup;
			children = (
				08DB694F23F4412E000BCED2 /* NetworkingManager */,
				088491F323F423A800FF3FAF /* URLTaskProcessor */,
				088491F023F4148A00FF3FAF /* DataTasksHolder */,
				088491E523F40E8300FF3FAF /* RequestResponse */,
				0884917C23F3E32F00FF3FAF /* Utilities */,
			);
			path = Sources;
			sourceTree = "<group>";
		};
		0884917C23F3E32F00FF3FAF /* Utilities */ = {
			isa = PBXGroup;
			children = (
				0868427B23F278D600AB9730 /* HTTPResponseTests.swift */,
				0884918C23F3ED9800FF3FAF /* URLComponents+ExtensionsTests.swift */,
			);
			path = Utilities;
			sourceTree = "<group>";
		};
		0884918E23F3EECF00FF3FAF /* Tests */ = {
			isa = PBXGroup;
			children = (
				0884917B23F3E31500FF3FAF /* Sources */,
			);
			path = Tests;
			sourceTree = "<group>";
		};
		0884918F23F3EEDD00FF3FAF /* Resources */ = {
			isa = PBXGroup;
			children = (
				088491E323F40E4C00FF3FAF /* testImage.png */,
				0868427D23F278D600AB9730 /* Info.plist */,
			);
			path = Resources;
			sourceTree = "<group>";
		};
		0884919023F3EEF700FF3FAF /* Stubs */ = {
			isa = PBXGroup;
			children = (
				088491EE23F412EB00FF3FAF /* TestURL.swift */,
				088491E823F40EE200FF3FAF /* TestImage.swift */,
				0884919523F3F4DD00FF3FAF /* TestError.swift */,
				08DB694D23F43F06000BCED2 /* TestHTTPURLResponse.swift */,
				08DB695423F445D9000BCED2 /* 3rdParty */,
				088491E023F4085800FF3FAF /* NetworkingManager */,
				088491A323F403B800FF3FAF /* URLTaskProcessor */,
				0884919C23F3FB1E00FF3FAF /* DataTasksHolder */,
				0884919D23F3FB4000FF3FAF /* NetworkSession */,
				0884919B23F3FAE900FF3FAF /* RequestResponse */,
			);
			path = Stubs;
			sourceTree = "<group>";
		};
		0884919B23F3FAE900FF3FAF /* RequestResponse */ = {
			isa = PBXGroup;
			children = (
				0884919123F3EF1500FF3FAF /* TestRequest.swift */,
				0884919323F3F48800FF3FAF /* TestResponse.swift */,
				0884919723F3F7B100FF3FAF /* TestResponseData.swift */,
				0884919923F3FA0C00FF3FAF /* TestDataTask.swift */,
			);
			path = RequestResponse;
			sourceTree = "<group>";
		};
		0884919C23F3FB1E00FF3FAF /* DataTasksHolder */ = {
			isa = PBXGroup;
			children = (
				088491A123F402B500FF3FAF /* TestDataTasksHolder.swift */,
			);
			path = DataTasksHolder;
			sourceTree = "<group>";
		};
		0884919D23F3FB4000FF3FAF /* NetworkSession */ = {
			isa = PBXGroup;
			children = (
				0884919E23F3FB5300FF3FAF /* TestNetworkSession.swift */,
			);
			path = NetworkSession;
			sourceTree = "<group>";
		};
		088491A323F403B800FF3FAF /* URLTaskProcessor */ = {
			isa = PBXGroup;
			children = (
				088491A423F403CB00FF3FAF /* TestURLTaskProcessor.swift */,
			);
			path = URLTaskProcessor;
			sourceTree = "<group>";
		};
		088491E023F4085800FF3FAF /* NetworkingManager */ = {
			isa = PBXGroup;
			children = (
				088491E123F4086700FF3FAF /* TestNetworkingManager.swift */,
			);
			path = NetworkingManager;
			sourceTree = "<group>";
		};
		088491E523F40E8300FF3FAF /* RequestResponse */ = {
			isa = PBXGroup;
			children = (
				088491E623F40E9C00FF3FAF /* ImageResponseTests.swift */,
				088491EC23F4127300FF3FAF /* DataTaskTests.swift */,
			);
			path = RequestResponse;
			sourceTree = "<group>";
		};
		088491F023F4148A00FF3FAF /* DataTasksHolder */ = {
			isa = PBXGroup;
			children = (
				088491F123F4150E00FF3FAF /* DataTasksHolderTests.swift */,
			);
			path = DataTasksHolder;
			sourceTree = "<group>";
		};
		088491F323F423A800FF3FAF /* URLTaskProcessor */ = {
			isa = PBXGroup;
			children = (
				088491F423F423CD00FF3FAF /* URLTaskProcessorTests.swift */,
			);
			path = URLTaskProcessor;
			sourceTree = "<group>";
		};
		08DB694F23F4412E000BCED2 /* NetworkingManager */ = {
			isa = PBXGroup;
			children = (
				08DB695023F44141000BCED2 /* NetworkingManagerTests.swift */,
			);
			path = NetworkingManager;
			sourceTree = "<group>";
		};
		08DB695423F445D9000BCED2 /* 3rdParty */ = {
			isa = PBXGroup;
			children = (
				08DB695523F445EB000BCED2 /* TestReachability.swift */,
			);
			path = 3rdParty;
			sourceTree = "<group>";
		};
		08DF8EC523F27D6900E5146F /* Sources */ = {
			isa = PBXGroup;
			children = (
				0808A4EF23F2FE03008AA441 /* NetworkingManager */,
				0808A4F023F2FE16008AA441 /* URLTaskProcessor */,
				0884915D23F3C9C200FF3FAF /* DataTasksHolder */,
				0884916723F3CE5B00FF3FAF /* NetworkSession */,
				0884916A23F3D2EC00FF3FAF /* RequestResponse */,
				086842DC23F27AC500AB9730 /* Utilities */,
			);
			path = Sources;
			sourceTree = "<group>";
		};
/* End PBXGroup section */

/* Begin PBXHeadersBuildPhase section */
		0868426823F278D600AB9730 /* Headers */ = {
			isa = PBXHeadersBuildPhase;
			buildActionMask = 2147483647;
			files = (
				0868427E23F278D600AB9730 /* RedditNetworking.h in Headers */,
			);
			runOnlyForDeploymentPostprocessing = 0;
		};
/* End PBXHeadersBuildPhase section */

/* Begin PBXNativeTarget section */
		0868426C23F278D600AB9730 /* RedditNetworking */ = {
			isa = PBXNativeTarget;
			buildConfigurationList = 0868428123F278D600AB9730 /* Build configuration list for PBXNativeTarget "RedditNetworking" */;
			buildPhases = (
				0868426823F278D600AB9730 /* Headers */,
				0868426923F278D600AB9730 /* Sources */,
				0884916523F3CCE800FF3FAF /* Swift Lint */,
				0868426A23F278D600AB9730 /* Frameworks */,
				0868426B23F278D600AB9730 /* Resources */,
				086842CF23F279C500AB9730 /* Embed Frameworks */,
			);
			buildRules = (
			);
			dependencies = (
			);
			name = RedditNetworking;
			productName = RedditNetworking;
			productReference = 0868426D23F278D600AB9730 /* RedditNetworking.framework */;
			productType = "com.apple.product-type.framework";
		};
		0868427523F278D600AB9730 /* RedditNetworkingTests */ = {
			isa = PBXNativeTarget;
			buildConfigurationList = 0868428423F278D600AB9730 /* Build configuration list for PBXNativeTarget "RedditNetworkingTests" */;
			buildPhases = (
				0868427223F278D600AB9730 /* Sources */,
				0868427323F278D600AB9730 /* Frameworks */,
				0868427423F278D600AB9730 /* Resources */,
			);
			buildRules = (
			);
			dependencies = (
				0868427923F278D600AB9730 /* PBXTargetDependency */,
			);
			name = RedditNetworkingTests;
			productName = RedditNetworkingTests;
			productReference = 0868427623F278D600AB9730 /* RedditNetworkingTests.xctest */;
			productType = "com.apple.product-type.bundle.unit-test";
		};
/* End PBXNativeTarget section */

/* Begin PBXProject section */
		0868426423F278D600AB9730 /* Project object */ = {
			isa = PBXProject;
			attributes = {
				LastSwiftUpdateCheck = 1130;
				LastUpgradeCheck = 1130;
				ORGANIZATIONNAME = "Artem Belenkov";
				TargetAttributes = {
					0868426C23F278D600AB9730 = {
						CreatedOnToolsVersion = 11.3.1;
					};
					0868427523F278D600AB9730 = {
						CreatedOnToolsVersion = 11.3.1;
					};
				};
			};
			buildConfigurationList = 0868426723F278D600AB9730 /* Build configuration list for PBXProject "RedditNetworking" */;
			compatibilityVersion = "Xcode 9.3";
			developmentRegion = en;
			hasScannedForEncodings = 0;
			knownRegions = (
				en,
				Base,
			);
			mainGroup = 0868426323F278D600AB9730;
			productRefGroup = 0868426E23F278D600AB9730 /* Products */;
			projectDirPath = "";
			projectRoot = "";
			targets = (
				0868426C23F278D600AB9730 /* RedditNetworking */,
				0868427523F278D600AB9730 /* RedditNetworkingTests */,
			);
		};
/* End PBXProject section */

/* Begin PBXResourcesBuildPhase section */
		0868426B23F278D600AB9730 /* Resources */ = {
			isa = PBXResourcesBuildPhase;
			buildActionMask = 2147483647;
			files = (
			);
			runOnlyForDeploymentPostprocessing = 0;
		};
		0868427423F278D600AB9730 /* Resources */ = {
			isa = PBXResourcesBuildPhase;
			buildActionMask = 2147483647;
			files = (
				088491E423F40E4C00FF3FAF /* testImage.png in Resources */,
			);
			runOnlyForDeploymentPostprocessing = 0;
		};
/* End PBXResourcesBuildPhase section */

/* Begin PBXShellScriptBuildPhase section */
		0884916523F3CCE800FF3FAF /* Swift Lint */ = {
			isa = PBXShellScriptBuildPhase;
			buildActionMask = 2147483647;
			files = (
			);
			inputFileListPaths = (
			);
			inputPaths = (
			);
			name = "Swift Lint";
			outputFileListPaths = (
			);
			outputPaths = (
			);
			runOnlyForDeploymentPostprocessing = 0;
			shellPath = /bin/sh;
			shellScript = "if which swiftlint >/dev/null; then\n    swiftlint\nelse\n    echo \"warning: SwiftLint not installed, download from https://github.com/realm/SwiftLint\"\nfi\n";
		};
/* End PBXShellScriptBuildPhase section */

/* Begin PBXSourcesBuildPhase section */
		0868426923F278D600AB9730 /* Sources */ = {
			isa = PBXSourcesBuildPhase;
			buildActionMask = 2147483647;
			files = (
				0884916923F3CE7600FF3FAF /* NetworkSessionServiceLocator.swift in Sources */,
				086842D723F27A3A00AB9730 /* HTTPResponse.swift in Sources */,
				0868429523F278F900AB9730 /* ResponseProtocol.swift in Sources */,
				0884916223F3CA4200FF3FAF /* NetworkSessionProtocol.swift in Sources */,
				08DF8EC723F27D7A00E5146F /* DataTask.swift in Sources */,
				0868429723F2790900AB9730 /* URLComponents+Extensions.swift in Sources */,
				0808A4EE23F2FBCE008AA441 /* NetworkingManagerServiceLocator.swift in Sources */,
				0808A4AE23F2F72A008AA441 /* ImageResponse.swift in Sources */,
				086842DB23F27A8A00AB9730 /* NetworkingManager.swift in Sources */,
				0868429323F278F800AB9730 /* RequestProtocol.swift in Sources */,
				08DB695323F442A0000BCED2 /* ReachabilityServiceLocator.swift in Sources */,
				08967C8723F2864D00D516F5 /* URLTaskProcessor.swift in Sources */,
				0884915F23F3C9E500FF3FAF /* DataTasksHolderServiceLocator.swift in Sources */,
				08967C8523F2804700D516F5 /* DataTasksHolder.swift in Sources */,
				0808A4AC23F2F265008AA441 /* Reachability.swift in Sources */,
				086842D923F27A5500AB9730 /* NetworkingError.swift in Sources */,
				088491F723F429AC00FF3FAF /* URLSessionTaskProtocol.swift in Sources */,
				0808A4F223F2FE26008AA441 /* URLTaskProcessorServiceLocator.swift in Sources */,
			);
			runOnlyForDeploymentPostprocessing = 0;
		};
		0868427223F278D600AB9730 /* Sources */ = {
			isa = PBXSourcesBuildPhase;
			buildActionMask = 2147483647;
			files = (
				08DB694E23F43F06000BCED2 /* TestHTTPURLResponse.swift in Sources */,
				088491E723F40E9C00FF3FAF /* ImageResponseTests.swift in Sources */,
				088491F523F423CD00FF3FAF /* URLTaskProcessorTests.swift in Sources */,
				0884919823F3F7B100FF3FAF /* TestResponseData.swift in Sources */,
				088491EF23F412EB00FF3FAF /* TestURL.swift in Sources */,
				0884919F23F3FB5300FF3FAF /* TestNetworkSession.swift in Sources */,
				0884919A23F3FA0C00FF3FAF /* TestDataTask.swift in Sources */,
				088491A523F403CB00FF3FAF /* TestURLTaskProcessor.swift in Sources */,
				088491F223F4150E00FF3FAF /* DataTasksHolderTests.swift in Sources */,
				088491A223F402B500FF3FAF /* TestDataTasksHolder.swift in Sources */,
				08DB695623F445EB000BCED2 /* TestReachability.swift in Sources */,
				088491ED23F4127300FF3FAF /* DataTaskTests.swift in Sources */,
				088491E923F40EE200FF3FAF /* TestImage.swift in Sources */,
				08DB695123F44141000BCED2 /* NetworkingManagerTests.swift in Sources */,
				0884919423F3F48800FF3FAF /* TestResponse.swift in Sources */,
				0884919623F3F4DD00FF3FAF /* TestError.swift in Sources */,
				0868427C23F278D600AB9730 /* HTTPResponseTests.swift in Sources */,
				0884919223F3EF1500FF3FAF /* TestRequest.swift in Sources */,
				088491E223F4086700FF3FAF /* TestNetworkingManager.swift in Sources */,
				0884918D23F3ED9800FF3FAF /* URLComponents+ExtensionsTests.swift in Sources */,
			);
			runOnlyForDeploymentPostprocessing = 0;
		};
/* End PBXSourcesBuildPhase section */

/* Begin PBXTargetDependency section */
		0868427923F278D600AB9730 /* PBXTargetDependency */ = {
			isa = PBXTargetDependency;
			target = 0868426C23F278D600AB9730 /* RedditNetworking */;
			targetProxy = 0868427823F278D600AB9730 /* PBXContainerItemProxy */;
		};
/* End PBXTargetDependency section */

/* Begin XCBuildConfiguration section */
		0868427F23F278D600AB9730 /* Debug */ = {
			isa = XCBuildConfiguration;
			buildSettings = {
				ALWAYS_SEARCH_USER_PATHS = NO;
				CLANG_ANALYZER_NONNULL = YES;
				CLANG_ANALYZER_NUMBER_OBJECT_CONVERSION = YES_AGGRESSIVE;
				CLANG_CXX_LANGUAGE_STANDARD = "gnu++14";
				CLANG_CXX_LIBRARY = "libc++";
				CLANG_ENABLE_MODULES = YES;
				CLANG_ENABLE_OBJC_ARC = YES;
				CLANG_ENABLE_OBJC_WEAK = YES;
				CLANG_WARN_BLOCK_CAPTURE_AUTORELEASING = YES;
				CLANG_WARN_BOOL_CONVERSION = YES;
				CLANG_WARN_COMMA = YES;
				CLANG_WARN_CONSTANT_CONVERSION = YES;
				CLANG_WARN_DEPRECATED_OBJC_IMPLEMENTATIONS = YES;
				CLANG_WARN_DIRECT_OBJC_ISA_USAGE = YES_ERROR;
				CLANG_WARN_DOCUMENTATION_COMMENTS = YES;
				CLANG_WARN_EMPTY_BODY = YES;
				CLANG_WARN_ENUM_CONVERSION = YES;
				CLANG_WARN_INFINITE_RECURSION = YES;
				CLANG_WARN_INT_CONVERSION = YES;
				CLANG_WARN_NON_LITERAL_NULL_CONVERSION = YES;
				CLANG_WARN_OBJC_IMPLICIT_RETAIN_SELF = YES;
				CLANG_WARN_OBJC_LITERAL_CONVERSION = YES;
				CLANG_WARN_OBJC_ROOT_CLASS = YES_ERROR;
				CLANG_WARN_RANGE_LOOP_ANALYSIS = YES;
				CLANG_WARN_STRICT_PROTOTYPES = YES;
				CLANG_WARN_SUSPICIOUS_MOVE = YES;
				CLANG_WARN_UNGUARDED_AVAILABILITY = YES_AGGRESSIVE;
				CLANG_WARN_UNREACHABLE_CODE = YES;
				CLANG_WARN__DUPLICATE_METHOD_MATCH = YES;
				COPY_PHASE_STRIP = NO;
				CURRENT_PROJECT_VERSION = 1;
				DEBUG_INFORMATION_FORMAT = dwarf;
				ENABLE_STRICT_OBJC_MSGSEND = YES;
				ENABLE_TESTABILITY = YES;
				GCC_C_LANGUAGE_STANDARD = gnu11;
				GCC_DYNAMIC_NO_PIC = NO;
				GCC_NO_COMMON_BLOCKS = YES;
				GCC_OPTIMIZATION_LEVEL = 0;
				GCC_PREPROCESSOR_DEFINITIONS = (
					"DEBUG=1",
					"$(inherited)",
				);
				GCC_WARN_64_TO_32_BIT_CONVERSION = YES;
				GCC_WARN_ABOUT_RETURN_TYPE = YES_ERROR;
				GCC_WARN_UNDECLARED_SELECTOR = YES;
				GCC_WARN_UNINITIALIZED_AUTOS = YES_AGGRESSIVE;
				GCC_WARN_UNUSED_FUNCTION = YES;
				GCC_WARN_UNUSED_VARIABLE = YES;
				IPHONEOS_DEPLOYMENT_TARGET = 13.2;
				MTL_ENABLE_DEBUG_INFO = INCLUDE_SOURCE;
				MTL_FAST_MATH = YES;
				ONLY_ACTIVE_ARCH = YES;
				SDKROOT = iphoneos;
				SWIFT_ACTIVE_COMPILATION_CONDITIONS = DEBUG;
				SWIFT_OPTIMIZATION_LEVEL = "-Onone";
				VERSIONING_SYSTEM = "apple-generic";
				VERSION_INFO_PREFIX = "";
			};
			name = Debug;
		};
		0868428023F278D600AB9730 /* Release */ = {
			isa = XCBuildConfiguration;
			buildSettings = {
				ALWAYS_SEARCH_USER_PATHS = NO;
				CLANG_ANALYZER_NONNULL = YES;
				CLANG_ANALYZER_NUMBER_OBJECT_CONVERSION = YES_AGGRESSIVE;
				CLANG_CXX_LANGUAGE_STANDARD = "gnu++14";
				CLANG_CXX_LIBRARY = "libc++";
				CLANG_ENABLE_MODULES = YES;
				CLANG_ENABLE_OBJC_ARC = YES;
				CLANG_ENABLE_OBJC_WEAK = YES;
				CLANG_WARN_BLOCK_CAPTURE_AUTORELEASING = YES;
				CLANG_WARN_BOOL_CONVERSION = YES;
				CLANG_WARN_COMMA = YES;
				CLANG_WARN_CONSTANT_CONVERSION = YES;
				CLANG_WARN_DEPRECATED_OBJC_IMPLEMENTATIONS = YES;
				CLANG_WARN_DIRECT_OBJC_ISA_USAGE = YES_ERROR;
				CLANG_WARN_DOCUMENTATION_COMMENTS = YES;
				CLANG_WARN_EMPTY_BODY = YES;
				CLANG_WARN_ENUM_CONVERSION = YES;
				CLANG_WARN_INFINITE_RECURSION = YES;
				CLANG_WARN_INT_CONVERSION = YES;
				CLANG_WARN_NON_LITERAL_NULL_CONVERSION = YES;
				CLANG_WARN_OBJC_IMPLICIT_RETAIN_SELF = YES;
				CLANG_WARN_OBJC_LITERAL_CONVERSION = YES;
				CLANG_WARN_OBJC_ROOT_CLASS = YES_ERROR;
				CLANG_WARN_RANGE_LOOP_ANALYSIS = YES;
				CLANG_WARN_STRICT_PROTOTYPES = YES;
				CLANG_WARN_SUSPICIOUS_MOVE = YES;
				CLANG_WARN_UNGUARDED_AVAILABILITY = YES_AGGRESSIVE;
				CLANG_WARN_UNREACHABLE_CODE = YES;
				CLANG_WARN__DUPLICATE_METHOD_MATCH = YES;
				COPY_PHASE_STRIP = NO;
				CURRENT_PROJECT_VERSION = 1;
				DEBUG_INFORMATION_FORMAT = "dwarf-with-dsym";
				ENABLE_NS_ASSERTIONS = NO;
				ENABLE_STRICT_OBJC_MSGSEND = YES;
				GCC_C_LANGUAGE_STANDARD = gnu11;
				GCC_NO_COMMON_BLOCKS = YES;
				GCC_WARN_64_TO_32_BIT_CONVERSION = YES;
				GCC_WARN_ABOUT_RETURN_TYPE = YES_ERROR;
				GCC_WARN_UNDECLARED_SELECTOR = YES;
				GCC_WARN_UNINITIALIZED_AUTOS = YES_AGGRESSIVE;
				GCC_WARN_UNUSED_FUNCTION = YES;
				GCC_WARN_UNUSED_VARIABLE = YES;
				IPHONEOS_DEPLOYMENT_TARGET = 13.2;
				MTL_ENABLE_DEBUG_INFO = NO;
				MTL_FAST_MATH = YES;
				SDKROOT = iphoneos;
				SWIFT_COMPILATION_MODE = wholemodule;
				SWIFT_OPTIMIZATION_LEVEL = "-O";
				VALIDATE_PRODUCT = YES;
				VERSIONING_SYSTEM = "apple-generic";
				VERSION_INFO_PREFIX = "";
			};
			name = Release;
		};
		0868428223F278D600AB9730 /* Debug */ = {
			isa = XCBuildConfiguration;
			buildSettings = {
				CODE_SIGN_STYLE = Automatic;
				DEFINES_MODULE = YES;
				DYLIB_COMPATIBILITY_VERSION = 1;
				DYLIB_CURRENT_VERSION = 1;
				DYLIB_INSTALL_NAME_BASE = "@rpath";
				INFOPLIST_FILE = RedditNetworking/Resources/Info.plist;
				INSTALL_PATH = "$(LOCAL_LIBRARY_DIR)/Frameworks";
				LD_RUNPATH_SEARCH_PATHS = (
					"$(inherited)",
					"@executable_path/Frameworks",
					"@loader_path/Frameworks",
				);
				PRODUCT_BUNDLE_IDENTIFIER = com.RedditNetworking;
				PRODUCT_NAME = "$(TARGET_NAME:c99extidentifier)";
				SKIP_INSTALL = YES;
				SWIFT_VERSION = 5.0;
				TARGETED_DEVICE_FAMILY = "1,2";
			};
			name = Debug;
		};
		0868428323F278D600AB9730 /* Release */ = {
			isa = XCBuildConfiguration;
			buildSettings = {
				CODE_SIGN_STYLE = Automatic;
				DEFINES_MODULE = YES;
				DYLIB_COMPATIBILITY_VERSION = 1;
				DYLIB_CURRENT_VERSION = 1;
				DYLIB_INSTALL_NAME_BASE = "@rpath";
				INFOPLIST_FILE = RedditNetworking/Resources/Info.plist;
				INSTALL_PATH = "$(LOCAL_LIBRARY_DIR)/Frameworks";
				LD_RUNPATH_SEARCH_PATHS = (
					"$(inherited)",
					"@executable_path/Frameworks",
					"@loader_path/Frameworks",
				);
				PRODUCT_BUNDLE_IDENTIFIER = com.RedditNetworking;
				PRODUCT_NAME = "$(TARGET_NAME:c99extidentifier)";
				SKIP_INSTALL = YES;
				SWIFT_VERSION = 5.0;
				TARGETED_DEVICE_FAMILY = "1,2";
			};
			name = Release;
		};
		0868428523F278D600AB9730 /* Debug */ = {
			isa = XCBuildConfiguration;
			buildSettings = {
				ALWAYS_EMBED_SWIFT_STANDARD_LIBRARIES = YES;
				CODE_SIGN_STYLE = Automatic;
				INFOPLIST_FILE = RedditNetworkingTests/Resources/Info.plist;
				LD_RUNPATH_SEARCH_PATHS = (
					"$(inherited)",
					"@executable_path/Frameworks",
					"@loader_path/Frameworks",
				);
				PRODUCT_BUNDLE_IDENTIFIER = com.RedditNetworkingTests;
				PRODUCT_NAME = "$(TARGET_NAME)";
				SWIFT_VERSION = 5.0;
				TARGETED_DEVICE_FAMILY = "1,2";
			};
			name = Debug;
		};
		0868428623F278D600AB9730 /* Release */ = {
			isa = XCBuildConfiguration;
			buildSettings = {
				ALWAYS_EMBED_SWIFT_STANDARD_LIBRARIES = YES;
				CODE_SIGN_STYLE = Automatic;
				INFOPLIST_FILE = RedditNetworkingTests/Resources/Info.plist;
				LD_RUNPATH_SEARCH_PATHS = (
					"$(inherited)",
					"@executable_path/Frameworks",
					"@loader_path/Frameworks",
				);
				PRODUCT_BUNDLE_IDENTIFIER = com.RedditNetworkingTests;
				PRODUCT_NAME = "$(TARGET_NAME)";
				SWIFT_VERSION = 5.0;
				TARGETED_DEVICE_FAMILY = "1,2";
			};
			name = Release;
		};
/* End XCBuildConfiguration section */

/* Begin XCConfigurationList section */
		0868426723F278D600AB9730 /* Build configuration list for PBXProject "RedditNetworking" */ = {
			isa = XCConfigurationList;
			buildConfigurations = (
				0868427F23F278D600AB9730 /* Debug */,
				0868428023F278D600AB9730 /* Release */,
			);
			defaultConfigurationIsVisible = 0;
			defaultConfigurationName = Release;
		};
		0868428123F278D600AB9730 /* Build configuration list for PBXNativeTarget "RedditNetworking" */ = {
			isa = XCConfigurationList;
			buildConfigurations = (
				0868428223F278D600AB9730 /* Debug */,
				0868428323F278D600AB9730 /* Release */,
			);
			defaultConfigurationIsVisible = 0;
			defaultConfigurationName = Release;
		};
		0868428423F278D600AB9730 /* Build configuration list for PBXNativeTarget "RedditNetworkingTests" */ = {
			isa = XCConfigurationList;
			buildConfigurations = (
				0868428523F278D600AB9730 /* Debug */,
				0868428623F278D600AB9730 /* Release */,
			);
			defaultConfigurationIsVisible = 0;
			defaultConfigurationName = Release;
		};
/* End XCConfigurationList section */
	};
	rootObject = 0868426423F278D600AB9730 /* Project object */;
}
