// !$*UTF8*$!
{
	archiveVersion = 1;
	classes = {
	};
	objectVersion = 50;
	objects = {

/* Begin PBXBuildFile section */
		0808A44923F2ED36008AA441 /* AddapterService.swift in Sources */ = {isa = PBXBuildFile; fileRef = 0808A44823F2ED36008AA441 /* AddapterService.swift */; };
		0808A44B23F2ED52008AA441 /* RedditTopicDataSource.swift in Sources */ = {isa = PBXBuildFile; fileRef = 0808A44A23F2ED52008AA441 /* RedditTopicDataSource.swift */; };
		0808A4A523F2F1BD008AA441 /* RedditCommonUI.framework in Frameworks */ = {isa = PBXBuildFile; fileRef = 0808A48923F2F11E008AA441 /* RedditCommonUI.framework */; };
		0808A4A623F2F1BD008AA441 /* RedditCommonUI.framework in Embed Frameworks */ = {isa = PBXBuildFile; fileRef = 0808A48923F2F11E008AA441 /* RedditCommonUI.framework */; settings = {ATTRIBUTES = (CodeSignOnCopy, RemoveHeadersOnCopy, ); }; };
		0839AD2923F5880900226E43 /* MainFlowCoordinator.swift in Sources */ = {isa = PBXBuildFile; fileRef = 0839AD2523F5880900226E43 /* MainFlowCoordinator.swift */; };
		0839AD2A23F5880900226E43 /* MainFlowExitRoutingHandlerProtocol.swift in Sources */ = {isa = PBXBuildFile; fileRef = 0839AD2623F5880900226E43 /* MainFlowExitRoutingHandlerProtocol.swift */; };
		0839AD2B23F5880900226E43 /* MainFlowCoordinatorAssembly.swift in Sources */ = {isa = PBXBuildFile; fileRef = 0839AD2723F5880900226E43 /* MainFlowCoordinatorAssembly.swift */; };
		0839AD3F23F5883500226E43 /* TopicsListModuleCoordinator.swift in Sources */ = {isa = PBXBuildFile; fileRef = 0839AD3023F5883500226E43 /* TopicsListModuleCoordinator.swift */; };
		0839AD4023F5883500226E43 /* TopicsListModuleCoordinatorAssembly.swift in Sources */ = {isa = PBXBuildFile; fileRef = 0839AD3123F5883500226E43 /* TopicsListModuleCoordinatorAssembly.swift */; };
		0839AD4123F5883500226E43 /* TopicsListModuleAssembly.swift in Sources */ = {isa = PBXBuildFile; fileRef = 0839AD3323F5883500226E43 /* TopicsListModuleAssembly.swift */; };
		0839AD4223F5883500226E43 /* TopicsListModuleContracts.swift in Sources */ = {isa = PBXBuildFile; fileRef = 0839AD3523F5883500226E43 /* TopicsListModuleContracts.swift */; };
		0839AD4323F5883500226E43 /* TopicsListModulePresenter.swift in Sources */ = {isa = PBXBuildFile; fileRef = 0839AD3723F5883500226E43 /* TopicsListModulePresenter.swift */; };
		0839AD4423F5883500226E43 /* TopicsListModuleViewController.swift in Sources */ = {isa = PBXBuildFile; fileRef = 0839AD3923F5883500226E43 /* TopicsListModuleViewController.swift */; };
		0839AD4623F5883500226E43 /* TopicsListModuleInteractor.swift in Sources */ = {isa = PBXBuildFile; fileRef = 0839AD3C23F5883500226E43 /* TopicsListModuleInteractor.swift */; };
		0839AD4723F5883500226E43 /* TopicsListModuleRouter.swift in Sources */ = {isa = PBXBuildFile; fileRef = 0839AD3E23F5883500226E43 /* TopicsListModuleRouter.swift */; };
		0839AD5B23F5885200226E43 /* ImageFullScreenModuleCoordinatorAssembly.swift in Sources */ = {isa = PBXBuildFile; fileRef = 0839AD4C23F5885100226E43 /* ImageFullScreenModuleCoordinatorAssembly.swift */; };
		0839AD5C23F5885200226E43 /* ImageFullScreenModuleCoordinator.swift in Sources */ = {isa = PBXBuildFile; fileRef = 0839AD4D23F5885100226E43 /* ImageFullScreenModuleCoordinator.swift */; };
		0839AD5D23F5885200226E43 /* ImageFullScreenModuleAssembly.swift in Sources */ = {isa = PBXBuildFile; fileRef = 0839AD4F23F5885100226E43 /* ImageFullScreenModuleAssembly.swift */; };
		0839AD5E23F5885200226E43 /* ImageFullScreenModuleContracts.swift in Sources */ = {isa = PBXBuildFile; fileRef = 0839AD5123F5885100226E43 /* ImageFullScreenModuleContracts.swift */; };
		0839AD5F23F5885200226E43 /* ImageFullScreenModulePresenter.swift in Sources */ = {isa = PBXBuildFile; fileRef = 0839AD5323F5885100226E43 /* ImageFullScreenModulePresenter.swift */; };
		0839AD6023F5885200226E43 /* ImageFullScreenModuleViewController.swift in Sources */ = {isa = PBXBuildFile; fileRef = 0839AD5523F5885100226E43 /* ImageFullScreenModuleViewController.swift */; };
		0839AD6223F5885200226E43 /* ImageFullScreenModuleInteractor.swift in Sources */ = {isa = PBXBuildFile; fileRef = 0839AD5823F5885100226E43 /* ImageFullScreenModuleInteractor.swift */; };
		0839AD6323F5885200226E43 /* ImageFullScreenModuleRouter.swift in Sources */ = {isa = PBXBuildFile; fileRef = 0839AD5A23F5885100226E43 /* ImageFullScreenModuleRouter.swift */; };
		0839AD6723F5911E00226E43 /* TopicsListModuleViewController.storyboard in Resources */ = {isa = PBXBuildFile; fileRef = 0839AD6623F5911E00226E43 /* TopicsListModuleViewController.storyboard */; };
		0839AD6923F591A500226E43 /* StoryBoard.swift in Sources */ = {isa = PBXBuildFile; fileRef = 0839AD6823F591A500226E43 /* StoryBoard.swift */; };
		0839AD6B23F591DA00226E43 /* ImageFullScreenModuleViewController.storyboard in Resources */ = {isa = PBXBuildFile; fileRef = 0839AD6A23F591DA00226E43 /* ImageFullScreenModuleViewController.storyboard */; };
		0839AD7823F59F7500226E43 /* RedditApp.swift in Sources */ = {isa = PBXBuildFile; fileRef = 0839AD7223F59F7400226E43 /* RedditApp.swift */; };
		0839AD7923F59F7500226E43 /* XCUIElement+Wait.swift in Sources */ = {isa = PBXBuildFile; fileRef = 0839AD7323F59F7500226E43 /* XCUIElement+Wait.swift */; };
		0839AD7A23F59F7500226E43 /* XCUIElementQuery.swift in Sources */ = {isa = PBXBuildFile; fileRef = 0839AD7423F59F7500226E43 /* XCUIElementQuery.swift */; };
		0839AD7B23F59F7500226E43 /* CoreGraphics.swift in Sources */ = {isa = PBXBuildFile; fileRef = 0839AD7523F59F7500226E43 /* CoreGraphics.swift */; };
		0839AD7C23F59F7500226E43 /* XCUIElement.swift in Sources */ = {isa = PBXBuildFile; fileRef = 0839AD7623F59F7500226E43 /* XCUIElement.swift */; };
		0839AD7D23F59F7500226E43 /* RunLoop+Testing.swift in Sources */ = {isa = PBXBuildFile; fileRef = 0839AD7723F59F7500226E43 /* RunLoop+Testing.swift */; };
		0839AD8223F5A18900226E43 /* CommandLineArgumentsHandler.swift in Sources */ = {isa = PBXBuildFile; fileRef = 0839AD7F23F5A18800226E43 /* CommandLineArgumentsHandler.swift */; };
		0839AD8323F5A18900226E43 /* EnableUITestsEnvironmentCommandLineArgumentHandler.swift in Sources */ = {isa = PBXBuildFile; fileRef = 0839AD8023F5A18900226E43 /* EnableUITestsEnvironmentCommandLineArgumentHandler.swift */; };
		0839AD8423F5A18900226E43 /* CommandLineArgument.swift in Sources */ = {isa = PBXBuildFile; fileRef = 0839AD8123F5A18900226E43 /* CommandLineArgument.swift */; };
		0839AD8623F5A24F00226E43 /* TestsSettingsManager.swift in Sources */ = {isa = PBXBuildFile; fileRef = 0839AD8523F5A24F00226E43 /* TestsSettingsManager.swift */; };
		0839AD8923F5A31100226E43 /* TestsSettingsManagerLocator.swift in Sources */ = {isa = PBXBuildFile; fileRef = 0839AD8823F5A31100226E43 /* TestsSettingsManagerLocator.swift */; };
		0839AD8A23F5A51500226E43 /* CommandLineArgument.swift in Sources */ = {isa = PBXBuildFile; fileRef = 0839AD8123F5A18900226E43 /* CommandLineArgument.swift */; };
		0839AD8C23F5A81000226E43 /* UITestingPage.swift in Sources */ = {isa = PBXBuildFile; fileRef = 0839AD8B23F5A81000226E43 /* UITestingPage.swift */; };
		0839AD8E23F5A86300226E43 /* TopicsListPage.swift in Sources */ = {isa = PBXBuildFile; fileRef = 0839AD8D23F5A86300226E43 /* TopicsListPage.swift */; };
		0839AD9023F5A87100226E43 /* ImagePage.swift in Sources */ = {isa = PBXBuildFile; fileRef = 0839AD8F23F5A87100226E43 /* ImagePage.swift */; };
		0839AD9223F5A8D200226E43 /* UITestCase.swift in Sources */ = {isa = PBXBuildFile; fileRef = 0839AD9123F5A8D200226E43 /* UITestCase.swift */; };
		0839AD9423F5A90E00226E43 /* OpenImageUITest.swift in Sources */ = {isa = PBXBuildFile; fileRef = 0839AD9323F5A90E00226E43 /* OpenImageUITest.swift */; };
		086842D423F279DD00AB9730 /* RedditNetworking.framework in Frameworks */ = {isa = PBXBuildFile; fileRef = 0868428D23F278D700AB9730 /* RedditNetworking.framework */; };
		086842D523F279DD00AB9730 /* RedditNetworking.framework in Embed Frameworks */ = {isa = PBXBuildFile; fileRef = 0868428D23F278D700AB9730 /* RedditNetworking.framework */; settings = {ATTRIBUTES = (CodeSignOnCopy, RemoveHeadersOnCopy, ); }; };
		086A804E23F6CE29000FD9F8 /* RedditTopicWithoutImageCell.swift in Sources */ = {isa = PBXBuildFile; fileRef = 086A804D23F6CE29000FD9F8 /* RedditTopicWithoutImageCell.swift */; };
		086A805523F6CE73000FD9F8 /* RedditTopicBaseCell.swift in Sources */ = {isa = PBXBuildFile; fileRef = 086A805423F6CE73000FD9F8 /* RedditTopicBaseCell.swift */; };
		08967C8F23F28A0700D516F5 /* RedditResponse.swift in Sources */ = {isa = PBXBuildFile; fileRef = 08967C8E23F28A0700D516F5 /* RedditResponse.swift */; };
		2C15A74223F490D6004C34CA /* RootRouter.swift in Sources */ = {isa = PBXBuildFile; fileRef = 2C15A74123F490D6004C34CA /* RootRouter.swift */; };
		2C15A74423F492A7004C34CA /* RootRouterLocator.swift in Sources */ = {isa = PBXBuildFile; fileRef = 2C15A74323F492A7004C34CA /* RootRouterLocator.swift */; };
		2C15A74623F492E6004C34CA /* LaunchInstructor.swift in Sources */ = {isa = PBXBuildFile; fileRef = 2C15A74523F492E6004C34CA /* LaunchInstructor.swift */; };
		2C15A74C23F4A029004C34CA /* Theme.swift in Sources */ = {isa = PBXBuildFile; fileRef = 2C15A74B23F4A029004C34CA /* Theme.swift */; };
		2C333C5923F47E8C00538EED /* RedditCommon.framework in Frameworks */ = {isa = PBXBuildFile; fileRef = 2C333C1B23F45B1100538EED /* RedditCommon.framework */; };
		2C333C5A23F47E8C00538EED /* RedditCommon.framework in Embed Frameworks */ = {isa = PBXBuildFile; fileRef = 2C333C1B23F45B1100538EED /* RedditCommon.framework */; settings = {ATTRIBUTES = (CodeSignOnCopy, RemoveHeadersOnCopy, ); }; };
		2C333C5B23F47E9500538EED /* RedditCoreServices.framework in Frameworks */ = {isa = PBXBuildFile; fileRef = 0808A4D923F2F8E3008AA441 /* RedditCoreServices.framework */; };
		2C333C5C23F47E9500538EED /* RedditCoreServices.framework in Embed Frameworks */ = {isa = PBXBuildFile; fileRef = 0808A4D923F2F8E3008AA441 /* RedditCoreServices.framework */; settings = {ATTRIBUTES = (CodeSignOnCopy, RemoveHeadersOnCopy, ); }; };
		2C333C6023F4833000538EED /* RedditTopicCell.swift in Sources */ = {isa = PBXBuildFile; fileRef = 2C333C5F23F4833000538EED /* RedditTopicCell.swift */; };
		2C333C6423F4850D00538EED /* RedditTopicModel.swift in Sources */ = {isa = PBXBuildFile; fileRef = 2C333C6323F4850D00538EED /* RedditTopicModel.swift */; };
		2C333C6623F4852B00538EED /* AddapterServiceLocator.swift in Sources */ = {isa = PBXBuildFile; fileRef = 2C333C6523F4852B00538EED /* AddapterServiceLocator.swift */; };
		2C333C7123F48A0100538EED /* RedditApp.swift in Sources */ = {isa = PBXBuildFile; fileRef = 2C333C7023F48A0100538EED /* RedditApp.swift */; };
		2C333C7423F48A8B00538EED /* AppServiceLocator.swift in Sources */ = {isa = PBXBuildFile; fileRef = 2C333C7323F48A8B00538EED /* AppServiceLocator.swift */; };
		2C333C7723F48B2B00538EED /* AppCoordinator.swift in Sources */ = {isa = PBXBuildFile; fileRef = 2C333C7623F48B2B00538EED /* AppCoordinator.swift */; };
		2C333C7923F48B4600538EED /* AppCoordinatorServiceLocator.swift in Sources */ = {isa = PBXBuildFile; fileRef = 2C333C7823F48B4600538EED /* AppCoordinatorServiceLocator.swift */; };
		2C70C4AC23F1F90700637E76 /* AppDelegate.swift in Sources */ = {isa = PBXBuildFile; fileRef = 2C70C4AB23F1F90700637E76 /* AppDelegate.swift */; };
		2C70C4B823F1F90A00637E76 /* Assets.xcassets in Resources */ = {isa = PBXBuildFile; fileRef = 2C70C4B723F1F90A00637E76 /* Assets.xcassets */; };
		2C70C4BB23F1F90A00637E76 /* LaunchScreen.storyboard in Resources */ = {isa = PBXBuildFile; fileRef = 2C70C4B923F1F90A00637E76 /* LaunchScreen.storyboard */; };
		2C70C4E623F200D800637E76 /* RedditRequest.swift in Sources */ = {isa = PBXBuildFile; fileRef = 2C70C4E523F200D800637E76 /* RedditRequest.swift */; };
		2CD3ADD023F5DDAB00963113 /* CellBottomView.swift in Sources */ = {isa = PBXBuildFile; fileRef = 2CD3ADCF23F5DDAB00963113 /* CellBottomView.swift */; };
		2CD3ADD823F5F41200963113 /* FakeTopicsListModuleInteractor.swift in Sources */ = {isa = PBXBuildFile; fileRef = 2CD3ADD723F5F41200963113 /* FakeTopicsListModuleInteractor.swift */; };
		2CD3ADDA23F5F98300963113 /* TopicsScreenState.swift in Sources */ = {isa = PBXBuildFile; fileRef = 2CD3ADD923F5F98300963113 /* TopicsScreenState.swift */; };
/* End PBXBuildFile section */

/* Begin PBXContainerItemProxy section */
		0808A48823F2F11E008AA441 /* PBXContainerItemProxy */ = {
			isa = PBXContainerItemProxy;
			containerPortal = 0808A48323F2F11D008AA441 /* RedditCommonUI.xcodeproj */;
			proxyType = 2;
			remoteGlobalIDString = 0808A46923F2F11D008AA441;
			remoteInfo = RedditCommonUI;
		};
		0808A4D823F2F8E3008AA441 /* PBXContainerItemProxy */ = {
			isa = PBXContainerItemProxy;
			containerPortal = 0808A4D323F2F8E2008AA441 /* RedditCoreServices.xcodeproj */;
			proxyType = 2;
			remoteGlobalIDString = 0808A4B923F2F8E2008AA441;
			remoteInfo = RedditCoreServices;
		};
		0868428C23F278D700AB9730 /* PBXContainerItemProxy */ = {
			isa = PBXContainerItemProxy;
			containerPortal = 0868428723F278D600AB9730 /* RedditNetworking.xcodeproj */;
			proxyType = 2;
			remoteGlobalIDString = 0868426D23F278D600AB9730;
			remoteInfo = RedditNetworking;
		};
		0868428E23F278D700AB9730 /* PBXContainerItemProxy */ = {
			isa = PBXContainerItemProxy;
			containerPortal = 0868428723F278D600AB9730 /* RedditNetworking.xcodeproj */;
			proxyType = 2;
			remoteGlobalIDString = 0868427623F278D600AB9730;
			remoteInfo = RedditNetworkingTests;
		};
		2C333C1A23F45B1100538EED /* PBXContainerItemProxy */ = {
			isa = PBXContainerItemProxy;
			containerPortal = 2C333C1523F45B1100538EED /* RedditCommon.xcodeproj */;
			proxyType = 2;
			remoteGlobalIDString = 086842A223F2793500AB9730;
			remoteInfo = RedditCommon;
		};
		2C70C4CD23F1F90A00637E76 /* PBXContainerItemProxy */ = {
			isa = PBXContainerItemProxy;
			containerPortal = 2C70C4A023F1F90700637E76 /* Project object */;
			proxyType = 1;
			remoteGlobalIDString = 2C70C4A723F1F90700637E76;
			remoteInfo = Reddit_test;
		};
/* End PBXContainerItemProxy section */

/* Begin PBXCopyFilesBuildPhase section */
		086842D323F279D800AB9730 /* Embed Frameworks */ = {
			isa = PBXCopyFilesBuildPhase;
			buildActionMask = 2147483647;
			dstPath = "";
			dstSubfolderSpec = 10;
			files = (
				0808A4A623F2F1BD008AA441 /* RedditCommonUI.framework in Embed Frameworks */,
				2C333C5C23F47E9500538EED /* RedditCoreServices.framework in Embed Frameworks */,
				2C333C5A23F47E8C00538EED /* RedditCommon.framework in Embed Frameworks */,
				086842D523F279DD00AB9730 /* RedditNetworking.framework in Embed Frameworks */,
			);
			name = "Embed Frameworks";
			runOnlyForDeploymentPostprocessing = 0;
		};
/* End PBXCopyFilesBuildPhase section */

/* Begin PBXFileReference section */
		0808A44823F2ED36008AA441 /* AddapterService.swift */ = {isa = PBXFileReference; lastKnownFileType = sourcecode.swift; path = AddapterService.swift; sourceTree = "<group>"; };
		0808A44A23F2ED52008AA441 /* RedditTopicDataSource.swift */ = {isa = PBXFileReference; lastKnownFileType = sourcecode.swift; path = RedditTopicDataSource.swift; sourceTree = "<group>"; };
		0808A48323F2F11D008AA441 /* RedditCommonUI.xcodeproj */ = {isa = PBXFileReference; lastKnownFileType = "wrapper.pb-project"; name = RedditCommonUI.xcodeproj; path = RedditCommonUI/RedditCommonUI.xcodeproj; sourceTree = "<group>"; };
		0808A4D323F2F8E2008AA441 /* RedditCoreServices.xcodeproj */ = {isa = PBXFileReference; lastKnownFileType = "wrapper.pb-project"; name = RedditCoreServices.xcodeproj; path = RedditCoreServices/RedditCoreServices.xcodeproj; sourceTree = "<group>"; };
		0839AD2523F5880900226E43 /* MainFlowCoordinator.swift */ = {isa = PBXFileReference; fileEncoding = 4; lastKnownFileType = sourcecode.swift; path = MainFlowCoordinator.swift; sourceTree = "<group>"; };
		0839AD2623F5880900226E43 /* MainFlowExitRoutingHandlerProtocol.swift */ = {isa = PBXFileReference; fileEncoding = 4; lastKnownFileType = sourcecode.swift; path = MainFlowExitRoutingHandlerProtocol.swift; sourceTree = "<group>"; };
		0839AD2723F5880900226E43 /* MainFlowCoordinatorAssembly.swift */ = {isa = PBXFileReference; fileEncoding = 4; lastKnownFileType = sourcecode.swift; path = MainFlowCoordinatorAssembly.swift; sourceTree = "<group>"; };
		0839AD3023F5883500226E43 /* TopicsListModuleCoordinator.swift */ = {isa = PBXFileReference; fileEncoding = 4; lastKnownFileType = sourcecode.swift; path = TopicsListModuleCoordinator.swift; sourceTree = "<group>"; };
		0839AD3123F5883500226E43 /* TopicsListModuleCoordinatorAssembly.swift */ = {isa = PBXFileReference; fileEncoding = 4; lastKnownFileType = sourcecode.swift; path = TopicsListModuleCoordinatorAssembly.swift; sourceTree = "<group>"; };
		0839AD3323F5883500226E43 /* TopicsListModuleAssembly.swift */ = {isa = PBXFileReference; fileEncoding = 4; lastKnownFileType = sourcecode.swift; path = TopicsListModuleAssembly.swift; sourceTree = "<group>"; };
		0839AD3523F5883500226E43 /* TopicsListModuleContracts.swift */ = {isa = PBXFileReference; fileEncoding = 4; lastKnownFileType = sourcecode.swift; path = TopicsListModuleContracts.swift; sourceTree = "<group>"; };
		0839AD3723F5883500226E43 /* TopicsListModulePresenter.swift */ = {isa = PBXFileReference; fileEncoding = 4; lastKnownFileType = sourcecode.swift; path = TopicsListModulePresenter.swift; sourceTree = "<group>"; };
		0839AD3923F5883500226E43 /* TopicsListModuleViewController.swift */ = {isa = PBXFileReference; fileEncoding = 4; lastKnownFileType = sourcecode.swift; path = TopicsListModuleViewController.swift; sourceTree = "<group>"; };
		0839AD3C23F5883500226E43 /* TopicsListModuleInteractor.swift */ = {isa = PBXFileReference; fileEncoding = 4; lastKnownFileType = sourcecode.swift; path = TopicsListModuleInteractor.swift; sourceTree = "<group>"; };
		0839AD3E23F5883500226E43 /* TopicsListModuleRouter.swift */ = {isa = PBXFileReference; fileEncoding = 4; lastKnownFileType = sourcecode.swift; path = TopicsListModuleRouter.swift; sourceTree = "<group>"; };
		0839AD4C23F5885100226E43 /* ImageFullScreenModuleCoordinatorAssembly.swift */ = {isa = PBXFileReference; fileEncoding = 4; lastKnownFileType = sourcecode.swift; path = ImageFullScreenModuleCoordinatorAssembly.swift; sourceTree = "<group>"; };
		0839AD4D23F5885100226E43 /* ImageFullScreenModuleCoordinator.swift */ = {isa = PBXFileReference; fileEncoding = 4; lastKnownFileType = sourcecode.swift; path = ImageFullScreenModuleCoordinator.swift; sourceTree = "<group>"; };
		0839AD4F23F5885100226E43 /* ImageFullScreenModuleAssembly.swift */ = {isa = PBXFileReference; fileEncoding = 4; lastKnownFileType = sourcecode.swift; path = ImageFullScreenModuleAssembly.swift; sourceTree = "<group>"; };
		0839AD5123F5885100226E43 /* ImageFullScreenModuleContracts.swift */ = {isa = PBXFileReference; fileEncoding = 4; lastKnownFileType = sourcecode.swift; path = ImageFullScreenModuleContracts.swift; sourceTree = "<group>"; };
		0839AD5323F5885100226E43 /* ImageFullScreenModulePresenter.swift */ = {isa = PBXFileReference; fileEncoding = 4; lastKnownFileType = sourcecode.swift; path = ImageFullScreenModulePresenter.swift; sourceTree = "<group>"; };
		0839AD5523F5885100226E43 /* ImageFullScreenModuleViewController.swift */ = {isa = PBXFileReference; fileEncoding = 4; lastKnownFileType = sourcecode.swift; path = ImageFullScreenModuleViewController.swift; sourceTree = "<group>"; };
		0839AD5823F5885100226E43 /* ImageFullScreenModuleInteractor.swift */ = {isa = PBXFileReference; fileEncoding = 4; lastKnownFileType = sourcecode.swift; path = ImageFullScreenModuleInteractor.swift; sourceTree = "<group>"; };
		0839AD5A23F5885100226E43 /* ImageFullScreenModuleRouter.swift */ = {isa = PBXFileReference; fileEncoding = 4; lastKnownFileType = sourcecode.swift; path = ImageFullScreenModuleRouter.swift; sourceTree = "<group>"; };
		0839AD6623F5911E00226E43 /* TopicsListModuleViewController.storyboard */ = {isa = PBXFileReference; lastKnownFileType = file.storyboard; path = TopicsListModuleViewController.storyboard; sourceTree = "<group>"; };
		0839AD6823F591A500226E43 /* StoryBoard.swift */ = {isa = PBXFileReference; lastKnownFileType = sourcecode.swift; path = StoryBoard.swift; sourceTree = "<group>"; };
		0839AD6A23F591DA00226E43 /* ImageFullScreenModuleViewController.storyboard */ = {isa = PBXFileReference; lastKnownFileType = file.storyboard; path = ImageFullScreenModuleViewController.storyboard; sourceTree = "<group>"; };
		0839AD7123F59F7400226E43 /* Reddit_testUITests-Bridging-Header.h */ = {isa = PBXFileReference; lastKnownFileType = sourcecode.c.h; path = "Reddit_testUITests-Bridging-Header.h"; sourceTree = "<group>"; };
		0839AD7223F59F7400226E43 /* RedditApp.swift */ = {isa = PBXFileReference; fileEncoding = 4; lastKnownFileType = sourcecode.swift; path = RedditApp.swift; sourceTree = "<group>"; };
		0839AD7323F59F7500226E43 /* XCUIElement+Wait.swift */ = {isa = PBXFileReference; fileEncoding = 4; lastKnownFileType = sourcecode.swift; path = "XCUIElement+Wait.swift"; sourceTree = "<group>"; };
		0839AD7423F59F7500226E43 /* XCUIElementQuery.swift */ = {isa = PBXFileReference; fileEncoding = 4; lastKnownFileType = sourcecode.swift; path = XCUIElementQuery.swift; sourceTree = "<group>"; };
		0839AD7523F59F7500226E43 /* CoreGraphics.swift */ = {isa = PBXFileReference; fileEncoding = 4; lastKnownFileType = sourcecode.swift; path = CoreGraphics.swift; sourceTree = "<group>"; };
		0839AD7623F59F7500226E43 /* XCUIElement.swift */ = {isa = PBXFileReference; fileEncoding = 4; lastKnownFileType = sourcecode.swift; path = XCUIElement.swift; sourceTree = "<group>"; };
		0839AD7723F59F7500226E43 /* RunLoop+Testing.swift */ = {isa = PBXFileReference; fileEncoding = 4; lastKnownFileType = sourcecode.swift; path = "RunLoop+Testing.swift"; sourceTree = "<group>"; };
		0839AD7F23F5A18800226E43 /* CommandLineArgumentsHandler.swift */ = {isa = PBXFileReference; fileEncoding = 4; lastKnownFileType = sourcecode.swift; path = CommandLineArgumentsHandler.swift; sourceTree = "<group>"; };
		0839AD8023F5A18900226E43 /* EnableUITestsEnvironmentCommandLineArgumentHandler.swift */ = {isa = PBXFileReference; fileEncoding = 4; lastKnownFileType = sourcecode.swift; path = EnableUITestsEnvironmentCommandLineArgumentHandler.swift; sourceTree = "<group>"; };
		0839AD8123F5A18900226E43 /* CommandLineArgument.swift */ = {isa = PBXFileReference; fileEncoding = 4; lastKnownFileType = sourcecode.swift; path = CommandLineArgument.swift; sourceTree = "<group>"; };
		0839AD8523F5A24F00226E43 /* TestsSettingsManager.swift */ = {isa = PBXFileReference; lastKnownFileType = sourcecode.swift; path = TestsSettingsManager.swift; sourceTree = "<group>"; };
		0839AD8823F5A31100226E43 /* TestsSettingsManagerLocator.swift */ = {isa = PBXFileReference; lastKnownFileType = sourcecode.swift; path = TestsSettingsManagerLocator.swift; sourceTree = "<group>"; };
		0839AD8B23F5A81000226E43 /* UITestingPage.swift */ = {isa = PBXFileReference; fileEncoding = 4; lastKnownFileType = sourcecode.swift; path = UITestingPage.swift; sourceTree = "<group>"; };
		0839AD8D23F5A86300226E43 /* TopicsListPage.swift */ = {isa = PBXFileReference; lastKnownFileType = sourcecode.swift; path = TopicsListPage.swift; sourceTree = "<group>"; };
		0839AD8F23F5A87100226E43 /* ImagePage.swift */ = {isa = PBXFileReference; lastKnownFileType = sourcecode.swift; path = ImagePage.swift; sourceTree = "<group>"; };
		0839AD9123F5A8D200226E43 /* UITestCase.swift */ = {isa = PBXFileReference; fileEncoding = 4; lastKnownFileType = sourcecode.swift; path = UITestCase.swift; sourceTree = "<group>"; };
		0839AD9323F5A90E00226E43 /* OpenImageUITest.swift */ = {isa = PBXFileReference; lastKnownFileType = sourcecode.swift; path = OpenImageUITest.swift; sourceTree = "<group>"; };
		0868428723F278D600AB9730 /* RedditNetworking.xcodeproj */ = {isa = PBXFileReference; lastKnownFileType = "wrapper.pb-project"; name = RedditNetworking.xcodeproj; path = RedditNetworking/RedditNetworking.xcodeproj; sourceTree = "<group>"; };
		086A804D23F6CE29000FD9F8 /* RedditTopicWithoutImageCell.swift */ = {isa = PBXFileReference; lastKnownFileType = sourcecode.swift; path = RedditTopicWithoutImageCell.swift; sourceTree = "<group>"; };
		086A805423F6CE73000FD9F8 /* RedditTopicBaseCell.swift */ = {isa = PBXFileReference; lastKnownFileType = sourcecode.swift; path = RedditTopicBaseCell.swift; sourceTree = "<group>"; };
		08967C8E23F28A0700D516F5 /* RedditResponse.swift */ = {isa = PBXFileReference; lastKnownFileType = sourcecode.swift; path = RedditResponse.swift; sourceTree = "<group>"; };
		2C15A74123F490D6004C34CA /* RootRouter.swift */ = {isa = PBXFileReference; lastKnownFileType = sourcecode.swift; path = RootRouter.swift; sourceTree = "<group>"; };
		2C15A74323F492A7004C34CA /* RootRouterLocator.swift */ = {isa = PBXFileReference; lastKnownFileType = sourcecode.swift; path = RootRouterLocator.swift; sourceTree = "<group>"; };
		2C15A74523F492E6004C34CA /* LaunchInstructor.swift */ = {isa = PBXFileReference; lastKnownFileType = sourcecode.swift; path = LaunchInstructor.swift; sourceTree = "<group>"; };
		2C15A74B23F4A029004C34CA /* Theme.swift */ = {isa = PBXFileReference; lastKnownFileType = sourcecode.swift; path = Theme.swift; sourceTree = "<group>"; };
		2C333C1523F45B1100538EED /* RedditCommon.xcodeproj */ = {isa = PBXFileReference; lastKnownFileType = "wrapper.pb-project"; name = RedditCommon.xcodeproj; path = RedditCommon/RedditCommon.xcodeproj; sourceTree = "<group>"; };
		2C333C5F23F4833000538EED /* RedditTopicCell.swift */ = {isa = PBXFileReference; lastKnownFileType = sourcecode.swift; path = RedditTopicCell.swift; sourceTree = "<group>"; };
		2C333C6323F4850D00538EED /* RedditTopicModel.swift */ = {isa = PBXFileReference; lastKnownFileType = sourcecode.swift; path = RedditTopicModel.swift; sourceTree = "<group>"; };
		2C333C6523F4852B00538EED /* AddapterServiceLocator.swift */ = {isa = PBXFileReference; lastKnownFileType = sourcecode.swift; path = AddapterServiceLocator.swift; sourceTree = "<group>"; };
		2C333C7023F48A0100538EED /* RedditApp.swift */ = {isa = PBXFileReference; lastKnownFileType = sourcecode.swift; path = RedditApp.swift; sourceTree = "<group>"; };
		2C333C7323F48A8B00538EED /* AppServiceLocator.swift */ = {isa = PBXFileReference; lastKnownFileType = sourcecode.swift; path = AppServiceLocator.swift; sourceTree = "<group>"; };
		2C333C7623F48B2B00538EED /* AppCoordinator.swift */ = {isa = PBXFileReference; lastKnownFileType = sourcecode.swift; path = AppCoordinator.swift; sourceTree = "<group>"; };
		2C333C7823F48B4600538EED /* AppCoordinatorServiceLocator.swift */ = {isa = PBXFileReference; lastKnownFileType = sourcecode.swift; path = AppCoordinatorServiceLocator.swift; sourceTree = "<group>"; };
		2C70C4A823F1F90700637E76 /* Reddit_test.app */ = {isa = PBXFileReference; explicitFileType = wrapper.application; includeInIndex = 0; path = Reddit_test.app; sourceTree = BUILT_PRODUCTS_DIR; };
		2C70C4AB23F1F90700637E76 /* AppDelegate.swift */ = {isa = PBXFileReference; lastKnownFileType = sourcecode.swift; path = AppDelegate.swift; sourceTree = "<group>"; };
		2C70C4B723F1F90A00637E76 /* Assets.xcassets */ = {isa = PBXFileReference; lastKnownFileType = folder.assetcatalog; path = Assets.xcassets; sourceTree = "<group>"; };
		2C70C4BA23F1F90A00637E76 /* Base */ = {isa = PBXFileReference; lastKnownFileType = file.storyboard; name = Base; path = Base.lproj/LaunchScreen.storyboard; sourceTree = "<group>"; };
		2C70C4BC23F1F90A00637E76 /* Info.plist */ = {isa = PBXFileReference; lastKnownFileType = text.plist.xml; path = Info.plist; sourceTree = "<group>"; };
		2C70C4CC23F1F90A00637E76 /* Reddit_testUITests.xctest */ = {isa = PBXFileReference; explicitFileType = wrapper.cfbundle; includeInIndex = 0; path = Reddit_testUITests.xctest; sourceTree = BUILT_PRODUCTS_DIR; };
		2C70C4D223F1F90A00637E76 /* Info.plist */ = {isa = PBXFileReference; lastKnownFileType = text.plist.xml; path = Info.plist; sourceTree = "<group>"; };
		2C70C4E523F200D800637E76 /* RedditRequest.swift */ = {isa = PBXFileReference; lastKnownFileType = sourcecode.swift; path = RedditRequest.swift; sourceTree = "<group>"; };
		2CD3ADCF23F5DDAB00963113 /* CellBottomView.swift */ = {isa = PBXFileReference; lastKnownFileType = sourcecode.swift; path = CellBottomView.swift; sourceTree = "<group>"; };
		2CD3ADD723F5F41200963113 /* FakeTopicsListModuleInteractor.swift */ = {isa = PBXFileReference; lastKnownFileType = sourcecode.swift; path = FakeTopicsListModuleInteractor.swift; sourceTree = "<group>"; };
		2CD3ADD923F5F98300963113 /* TopicsScreenState.swift */ = {isa = PBXFileReference; lastKnownFileType = sourcecode.swift; path = TopicsScreenState.swift; sourceTree = "<group>"; };
/* End PBXFileReference section */

/* Begin PBXFrameworksBuildPhase section */
		2C70C4A523F1F90700637E76 /* Frameworks */ = {
			isa = PBXFrameworksBuildPhase;
			buildActionMask = 2147483647;
			files = (
				0808A4A523F2F1BD008AA441 /* RedditCommonUI.framework in Frameworks */,
				2C333C5B23F47E9500538EED /* RedditCoreServices.framework in Frameworks */,
				2C333C5923F47E8C00538EED /* RedditCommon.framework in Frameworks */,
				086842D423F279DD00AB9730 /* RedditNetworking.framework in Frameworks */,
			);
			runOnlyForDeploymentPostprocessing = 0;
		};
		2C70C4C923F1F90A00637E76 /* Frameworks */ = {
			isa = PBXFrameworksBuildPhase;
			buildActionMask = 2147483647;
			files = (
			);
			runOnlyForDeploymentPostprocessing = 0;
		};
/* End PBXFrameworksBuildPhase section */

/* Begin PBXGroup section */
		0808A44223F2ECE3008AA441 /* Services */ = {
			isa = PBXGroup;
			children = (
				0808A44723F2ECF1008AA441 /* AddapterService */,
				2C70C4E223F1FFA400637E76 /* Networking */,
			);
			path = Services;
			sourceTree = "<group>";
		};
		0808A44723F2ECF1008AA441 /* AddapterService */ = {
			isa = PBXGroup;
			children = (
				0808A44823F2ED36008AA441 /* AddapterService.swift */,
				2C333C6523F4852B00538EED /* AddapterServiceLocator.swift */,
			);
			path = AddapterService;
			sourceTree = "<group>";
		};
		0808A44C23F2EE33008AA441 /* Utilities */ = {
			isa = PBXGroup;
			children = (
				2CD3ADD623F5F3F500963113 /* UITestsFakes */,
				0839AD8723F5A30000226E43 /* TestSettingsManager */,
				0839AD7E23F5A17700226E43 /* CommandLine */,
				2C15A74523F492E6004C34CA /* LaunchInstructor.swift */,
				2C15A74B23F4A029004C34CA /* Theme.swift */,
				0839AD6823F591A500226E43 /* StoryBoard.swift */,
				2CD3ADD923F5F98300963113 /* TopicsScreenState.swift */,
			);
			path = Utilities;
			sourceTree = "<group>";
		};
		0808A48423F2F11D008AA441 /* Products */ = {
			isa = PBXGroup;
			children = (
				0808A48923F2F11E008AA441 /* RedditCommonUI.framework */,
			);
			name = Products;
			sourceTree = "<group>";
		};
		0808A4D423F2F8E2008AA441 /* Products */ = {
			isa = PBXGroup;
			children = (
				0808A4D923F2F8E3008AA441 /* RedditCoreServices.framework */,
			);
			name = Products;
			sourceTree = "<group>";
		};
		0839AD2323F5880900226E43 /* MainFlow */ = {
			isa = PBXGroup;
			children = (
				0839AD2423F5880900226E43 /* FlowCoordinator */,
				0839AD2823F5880900226E43 /* Modules */,
			);
			path = MainFlow;
			sourceTree = "<group>";
		};
		0839AD2423F5880900226E43 /* FlowCoordinator */ = {
			isa = PBXGroup;
			children = (
				0839AD2523F5880900226E43 /* MainFlowCoordinator.swift */,
				0839AD2623F5880900226E43 /* MainFlowExitRoutingHandlerProtocol.swift */,
				0839AD2723F5880900226E43 /* MainFlowCoordinatorAssembly.swift */,
			);
			path = FlowCoordinator;
			sourceTree = "<group>";
		};
		0839AD2823F5880900226E43 /* Modules */ = {
			isa = PBXGroup;
			children = (
				0839AD2E23F5883500226E43 /* TopicsListModule */,
				0839AD4A23F5885100226E43 /* ImageFullScreenModule */,
			);
			path = Modules;
			sourceTree = "<group>";
		};
		0839AD2E23F5883500226E43 /* TopicsListModule */ = {
			isa = PBXGroup;
			children = (
				0839AD2F23F5883500226E43 /* Coordinator */,
				0839AD3223F5883500226E43 /* Assembly */,
				0839AD3423F5883500226E43 /* Contracts */,
				0839AD3623F5883500226E43 /* Presenter */,
				0839AD3823F5883500226E43 /* View */,
				0839AD3B23F5883500226E43 /* Interactor */,
				0839AD3D23F5883500226E43 /* Router */,
			);
			path = TopicsListModule;
			sourceTree = "<group>";
		};
		0839AD2F23F5883500226E43 /* Coordinator */ = {
			isa = PBXGroup;
			children = (
				0839AD3023F5883500226E43 /* TopicsListModuleCoordinator.swift */,
				0839AD3123F5883500226E43 /* TopicsListModuleCoordinatorAssembly.swift */,
			);
			path = Coordinator;
			sourceTree = "<group>";
		};
		0839AD3223F5883500226E43 /* Assembly */ = {
			isa = PBXGroup;
			children = (
				0839AD3323F5883500226E43 /* TopicsListModuleAssembly.swift */,
			);
			path = Assembly;
			sourceTree = "<group>";
		};
		0839AD3423F5883500226E43 /* Contracts */ = {
			isa = PBXGroup;
			children = (
				0839AD3523F5883500226E43 /* TopicsListModuleContracts.swift */,
			);
			path = Contracts;
			sourceTree = "<group>";
		};
		0839AD3623F5883500226E43 /* Presenter */ = {
			isa = PBXGroup;
			children = (
				0839AD3723F5883500226E43 /* TopicsListModulePresenter.swift */,
			);
			path = Presenter;
			sourceTree = "<group>";
		};
		0839AD3823F5883500226E43 /* View */ = {
			isa = PBXGroup;
			children = (
				0808A44A23F2ED52008AA441 /* RedditTopicDataSource.swift */,
				2C333C5E23F4828200538EED /* Cells */,
				0839AD3923F5883500226E43 /* TopicsListModuleViewController.swift */,
				0839AD6623F5911E00226E43 /* TopicsListModuleViewController.storyboard */,
			);
			path = View;
			sourceTree = "<group>";
		};
		0839AD3B23F5883500226E43 /* Interactor */ = {
			isa = PBXGroup;
			children = (
				0839AD3C23F5883500226E43 /* TopicsListModuleInteractor.swift */,
			);
			path = Interactor;
			sourceTree = "<group>";
		};
		0839AD3D23F5883500226E43 /* Router */ = {
			isa = PBXGroup;
			children = (
				0839AD3E23F5883500226E43 /* TopicsListModuleRouter.swift */,
			);
			path = Router;
			sourceTree = "<group>";
		};
		0839AD4A23F5885100226E43 /* ImageFullScreenModule */ = {
			isa = PBXGroup;
			children = (
				0839AD4B23F5885100226E43 /* Coordinator */,
				0839AD4E23F5885100226E43 /* Assembly */,
				0839AD5023F5885100226E43 /* Contracts */,
				0839AD5223F5885100226E43 /* Presenter */,
				0839AD5423F5885100226E43 /* View */,
				0839AD5723F5885100226E43 /* Interactor */,
				0839AD5923F5885100226E43 /* Router */,
			);
			path = ImageFullScreenModule;
			sourceTree = "<group>";
		};
		0839AD4B23F5885100226E43 /* Coordinator */ = {
			isa = PBXGroup;
			children = (
				0839AD4C23F5885100226E43 /* ImageFullScreenModuleCoordinatorAssembly.swift */,
				0839AD4D23F5885100226E43 /* ImageFullScreenModuleCoordinator.swift */,
			);
			path = Coordinator;
			sourceTree = "<group>";
		};
		0839AD4E23F5885100226E43 /* Assembly */ = {
			isa = PBXGroup;
			children = (
				0839AD4F23F5885100226E43 /* ImageFullScreenModuleAssembly.swift */,
			);
			path = Assembly;
			sourceTree = "<group>";
		};
		0839AD5023F5885100226E43 /* Contracts */ = {
			isa = PBXGroup;
			children = (
				0839AD5123F5885100226E43 /* ImageFullScreenModuleContracts.swift */,
			);
			path = Contracts;
			sourceTree = "<group>";
		};
		0839AD5223F5885100226E43 /* Presenter */ = {
			isa = PBXGroup;
			children = (
				0839AD5323F5885100226E43 /* ImageFullScreenModulePresenter.swift */,
			);
			path = Presenter;
			sourceTree = "<group>";
		};
		0839AD5423F5885100226E43 /* View */ = {
			isa = PBXGroup;
			children = (
				0839AD5523F5885100226E43 /* ImageFullScreenModuleViewController.swift */,
				0839AD6A23F591DA00226E43 /* ImageFullScreenModuleViewController.storyboard */,
			);
			path = View;
			sourceTree = "<group>";
		};
		0839AD5723F5885100226E43 /* Interactor */ = {
			isa = PBXGroup;
			children = (
				0839AD5823F5885100226E43 /* ImageFullScreenModuleInteractor.swift */,
			);
			path = Interactor;
			sourceTree = "<group>";
		};
		0839AD5923F5885100226E43 /* Router */ = {
			isa = PBXGroup;
			children = (
				0839AD5A23F5885100226E43 /* ImageFullScreenModuleRouter.swift */,
			);
			path = Router;
			sourceTree = "<group>";
		};
		0839AD6C23F59F0F00226E43 /* Resources */ = {
			isa = PBXGroup;
			children = (
				0839AD7123F59F7400226E43 /* Reddit_testUITests-Bridging-Header.h */,
				2C70C4D223F1F90A00637E76 /* Info.plist */,
			);
			path = Resources;
			sourceTree = "<group>";
		};
		0839AD6D23F59F3900226E43 /* Helper */ = {
			isa = PBXGroup;
			children = (
				0839AD7523F59F7500226E43 /* CoreGraphics.swift */,
				0839AD7223F59F7400226E43 /* RedditApp.swift */,
				0839AD7723F59F7500226E43 /* RunLoop+Testing.swift */,
				0839AD7623F59F7500226E43 /* XCUIElement.swift */,
				0839AD7323F59F7500226E43 /* XCUIElement+Wait.swift */,
				0839AD7423F59F7500226E43 /* XCUIElementQuery.swift */,
			);
			path = Helper;
			sourceTree = "<group>";
		};
		0839AD6E23F59F4500226E43 /* Pages */ = {
			isa = PBXGroup;
			children = (
				0839AD8B23F5A81000226E43 /* UITestingPage.swift */,
				0839AD8D23F5A86300226E43 /* TopicsListPage.swift */,
				0839AD8F23F5A87100226E43 /* ImagePage.swift */,
			);
			path = Pages;
			sourceTree = "<group>";
		};
		0839AD6F23F59F4A00226E43 /* Tests */ = {
			isa = PBXGroup;
			children = (
				0839AD9123F5A8D200226E43 /* UITestCase.swift */,
				0839AD9323F5A90E00226E43 /* OpenImageUITest.swift */,
			);
			path = Tests;
			sourceTree = "<group>";
		};
		0839AD7023F59F5300226E43 /* UITestsMocks */ = {
			isa = PBXGroup;
			children = (
			);
			path = UITestsMocks;
			sourceTree = "<group>";
		};
		0839AD7E23F5A17700226E43 /* CommandLine */ = {
			isa = PBXGroup;
			children = (
				0839AD8123F5A18900226E43 /* CommandLineArgument.swift */,
				0839AD7F23F5A18800226E43 /* CommandLineArgumentsHandler.swift */,
				0839AD8023F5A18900226E43 /* EnableUITestsEnvironmentCommandLineArgumentHandler.swift */,
			);
			path = CommandLine;
			sourceTree = "<group>";
		};
		0839AD8723F5A30000226E43 /* TestSettingsManager */ = {
			isa = PBXGroup;
			children = (
				0839AD8523F5A24F00226E43 /* TestsSettingsManager.swift */,
				0839AD8823F5A31100226E43 /* TestsSettingsManagerLocator.swift */,
			);
			path = TestSettingsManager;
			sourceTree = "<group>";
		};
		0868423D23F2785C00AB9730 /* Reddit */ = {
			isa = PBXGroup;
			children = (
				2C333C6F23F4896C00538EED /* App */,
				2C333C6223F484FE00538EED /* Models */,
				2C333C5D23F4827A00538EED /* Modules */,
				0808A44C23F2EE33008AA441 /* Utilities */,
				0808A44223F2ECE3008AA441 /* Services */,
			);
			path = Reddit;
			sourceTree = "<group>";
		};
		0868423E23F2786C00AB9730 /* Frameworks */ = {
			isa = PBXGroup;
			children = (
				0808A4D323F2F8E2008AA441 /* RedditCoreServices.xcodeproj */,
				0808A48323F2F11D008AA441 /* RedditCommonUI.xcodeproj */,
				0868428723F278D600AB9730 /* RedditNetworking.xcodeproj */,
				2C333C1523F45B1100538EED /* RedditCommon.xcodeproj */,
			);
			path = Frameworks;
			sourceTree = "<group>";
		};
		0868428823F278D600AB9730 /* Products */ = {
			isa = PBXGroup;
			children = (
				0868428D23F278D700AB9730 /* RedditNetworking.framework */,
				0868428F23F278D700AB9730 /* RedditNetworkingTests.xctest */,
			);
			name = Products;
			sourceTree = "<group>";
		};
		086842D023F279D800AB9730 /* Frameworks */ = {
			isa = PBXGroup;
			children = (
			);
			name = Frameworks;
			sourceTree = "<group>";
		};
		2C15A74023F490C1004C34CA /* RootRouter */ = {
			isa = PBXGroup;
			children = (
				2C15A74123F490D6004C34CA /* RootRouter.swift */,
				2C15A74323F492A7004C34CA /* RootRouterLocator.swift */,
			);
			path = RootRouter;
			sourceTree = "<group>";
		};
		2C333C1623F45B1100538EED /* Products */ = {
			isa = PBXGroup;
			children = (
				2C333C1B23F45B1100538EED /* RedditCommon.framework */,
			);
			name = Products;
			sourceTree = "<group>";
		};
		2C333C5D23F4827A00538EED /* Modules */ = {
			isa = PBXGroup;
			children = (
				0839AD2323F5880900226E43 /* MainFlow */,
			);
			path = Modules;
			sourceTree = "<group>";
		};
		2C333C5E23F4828200538EED /* Cells */ = {
			isa = PBXGroup;
			children = (
				086A805423F6CE73000FD9F8 /* RedditTopicBaseCell.swift */,
				086A804D23F6CE29000FD9F8 /* RedditTopicWithoutImageCell.swift */,
				2C333C5F23F4833000538EED /* RedditTopicCell.swift */,
				2CD3ADCF23F5DDAB00963113 /* CellBottomView.swift */,
			);
			path = Cells;
			sourceTree = "<group>";
		};
		2C333C6223F484FE00538EED /* Models */ = {
			isa = PBXGroup;
			children = (
				2C333C6323F4850D00538EED /* RedditTopicModel.swift */,
			);
			path = Models;
			sourceTree = "<group>";
		};
		2C333C6F23F4896C00538EED /* App */ = {
			isa = PBXGroup;
			children = (
				2C70C4AB23F1F90700637E76 /* AppDelegate.swift */,
				2C15A74023F490C1004C34CA /* RootRouter */,
				2C333C7223F48A3400538EED /* RedditApp */,
				2C333C7523F48B1300538EED /* AppCoordinator */,
			);
			path = App;
			sourceTree = "<group>";
		};
		2C333C7223F48A3400538EED /* RedditApp */ = {
			isa = PBXGroup;
			children = (
				2C333C7023F48A0100538EED /* RedditApp.swift */,
				2C333C7323F48A8B00538EED /* AppServiceLocator.swift */,
			);
			path = RedditApp;
			sourceTree = "<group>";
		};
		2C333C7523F48B1300538EED /* AppCoordinator */ = {
			isa = PBXGroup;
			children = (
				2C333C7623F48B2B00538EED /* AppCoordinator.swift */,
				2C333C7823F48B4600538EED /* AppCoordinatorServiceLocator.swift */,
			);
			path = AppCoordinator;
			sourceTree = "<group>";
		};
		2C70C49F23F1F90700637E76 = {
			isa = PBXGroup;
			children = (
				2C70C4AA23F1F90700637E76 /* Reddit_test */,
				2C70C4CF23F1F90A00637E76 /* Reddit_testUITests */,
				2C70C4A923F1F90700637E76 /* Products */,
				086842D023F279D800AB9730 /* Frameworks */,
			);
			sourceTree = "<group>";
		};
		2C70C4A923F1F90700637E76 /* Products */ = {
			isa = PBXGroup;
			children = (
				2C70C4A823F1F90700637E76 /* Reddit_test.app */,
				2C70C4CC23F1F90A00637E76 /* Reddit_testUITests.xctest */,
			);
			name = Products;
			sourceTree = "<group>";
		};
		2C70C4AA23F1F90700637E76 /* Reddit_test */ = {
			isa = PBXGroup;
			children = (
				2C70C4E123F1FF2900637E76 /* Sources */,
				2C70C4DE23F1F91400637E76 /* Resources */,
			);
			path = Reddit_test;
			sourceTree = "<group>";
		};
		2C70C4CF23F1F90A00637E76 /* Reddit_testUITests */ = {
			isa = PBXGroup;
			children = (
				0839AD7023F59F5300226E43 /* UITestsMocks */,
				0839AD6F23F59F4A00226E43 /* Tests */,
				0839AD6E23F59F4500226E43 /* Pages */,
				0839AD6D23F59F3900226E43 /* Helper */,
				0839AD6C23F59F0F00226E43 /* Resources */,
			);
			path = Reddit_testUITests;
			sourceTree = "<group>";
		};
		2C70C4DE23F1F91400637E76 /* Resources */ = {
			isa = PBXGroup;
			children = (
				2C70C4B723F1F90A00637E76 /* Assets.xcassets */,
				2C70C4B923F1F90A00637E76 /* LaunchScreen.storyboard */,
				2C70C4BC23F1F90A00637E76 /* Info.plist */,
			);
			path = Resources;
			sourceTree = "<group>";
		};
		2C70C4E123F1FF2900637E76 /* Sources */ = {
			isa = PBXGroup;
			children = (
				0868423E23F2786C00AB9730 /* Frameworks */,
				0868423D23F2785C00AB9730 /* Reddit */,
			);
			path = Sources;
			sourceTree = "<group>";
		};
		2C70C4E223F1FFA400637E76 /* Networking */ = {
			isa = PBXGroup;
			children = (
				2C70C4E523F200D800637E76 /* RedditRequest.swift */,
				08967C8E23F28A0700D516F5 /* RedditResponse.swift */,
			);
			path = Networking;
			sourceTree = "<group>";
		};
		2CD3ADD623F5F3F500963113 /* UITestsFakes */ = {
			isa = PBXGroup;
			children = (
				2CD3ADD723F5F41200963113 /* FakeTopicsListModuleInteractor.swift */,
			);
			path = UITestsFakes;
			sourceTree = "<group>";
		};
/* End PBXGroup section */

/* Begin PBXNativeTarget section */
		2C70C4A723F1F90700637E76 /* Reddit_test */ = {
			isa = PBXNativeTarget;
			buildConfigurationList = 2C70C4D523F1F90B00637E76 /* Build configuration list for PBXNativeTarget "Reddit_test" */;
			buildPhases = (
				2C70C4A423F1F90700637E76 /* Sources */,
				2C70C4A523F1F90700637E76 /* Frameworks */,
				2C70C4DF23F1FAD100637E76 /* SwiftLint */,
				2C70C4A623F1F90700637E76 /* Resources */,
				086842D323F279D800AB9730 /* Embed Frameworks */,
			);
			buildRules = (
			);
			dependencies = (
			);
			name = Reddit_test;
			productName = Reddit_test;
			productReference = 2C70C4A823F1F90700637E76 /* Reddit_test.app */;
			productType = "com.apple.product-type.application";
		};
		2C70C4CB23F1F90A00637E76 /* Reddit_testUITests */ = {
			isa = PBXNativeTarget;
			buildConfigurationList = 2C70C4DB23F1F90B00637E76 /* Build configuration list for PBXNativeTarget "Reddit_testUITests" */;
			buildPhases = (
				2C70C4C823F1F90A00637E76 /* Sources */,
				2C70C4C923F1F90A00637E76 /* Frameworks */,
				2C70C4CA23F1F90A00637E76 /* Resources */,
			);
			buildRules = (
			);
			dependencies = (
				2C70C4CE23F1F90A00637E76 /* PBXTargetDependency */,
			);
			name = Reddit_testUITests;
			productName = Reddit_testUITests;
			productReference = 2C70C4CC23F1F90A00637E76 /* Reddit_testUITests.xctest */;
			productType = "com.apple.product-type.bundle.ui-testing";
		};
/* End PBXNativeTarget section */

/* Begin PBXProject section */
		2C70C4A023F1F90700637E76 /* Project object */ = {
			isa = PBXProject;
			attributes = {
				LastSwiftUpdateCheck = 1130;
				LastUpgradeCheck = 1130;
				ORGANIZATIONNAME = "Artem Belenkov";
				TargetAttributes = {
					2C70C4A723F1F90700637E76 = {
						CreatedOnToolsVersion = 11.3.1;
					};
					2C70C4CB23F1F90A00637E76 = {
						CreatedOnToolsVersion = 11.3.1;
						LastSwiftMigration = 1130;
						TestTargetID = 2C70C4A723F1F90700637E76;
					};
				};
			};
			buildConfigurationList = 2C70C4A323F1F90700637E76 /* Build configuration list for PBXProject "Reddit_test" */;
			compatibilityVersion = "Xcode 9.3";
			developmentRegion = en;
			hasScannedForEncodings = 0;
			knownRegions = (
				en,
				Base,
			);
			mainGroup = 2C70C49F23F1F90700637E76;
			productRefGroup = 2C70C4A923F1F90700637E76 /* Products */;
			projectDirPath = "";
			projectReferences = (
				{
					ProductGroup = 2C333C1623F45B1100538EED /* Products */;
					ProjectRef = 2C333C1523F45B1100538EED /* RedditCommon.xcodeproj */;
				},
				{
					ProductGroup = 0808A48423F2F11D008AA441 /* Products */;
					ProjectRef = 0808A48323F2F11D008AA441 /* RedditCommonUI.xcodeproj */;
				},
				{
					ProductGroup = 0808A4D423F2F8E2008AA441 /* Products */;
					ProjectRef = 0808A4D323F2F8E2008AA441 /* RedditCoreServices.xcodeproj */;
				},
				{
					ProductGroup = 0868428823F278D600AB9730 /* Products */;
					ProjectRef = 0868428723F278D600AB9730 /* RedditNetworking.xcodeproj */;
				},
			);
			projectRoot = "";
			targets = (
				2C70C4A723F1F90700637E76 /* Reddit_test */,
				2C70C4CB23F1F90A00637E76 /* Reddit_testUITests */,
			);
		};
/* End PBXProject section */

/* Begin PBXReferenceProxy section */
		0808A48923F2F11E008AA441 /* RedditCommonUI.framework */ = {
			isa = PBXReferenceProxy;
			fileType = wrapper.framework;
			path = RedditCommonUI.framework;
			remoteRef = 0808A48823F2F11E008AA441 /* PBXContainerItemProxy */;
			sourceTree = BUILT_PRODUCTS_DIR;
		};
		0808A4D923F2F8E3008AA441 /* RedditCoreServices.framework */ = {
			isa = PBXReferenceProxy;
			fileType = wrapper.framework;
			path = RedditCoreServices.framework;
			remoteRef = 0808A4D823F2F8E3008AA441 /* PBXContainerItemProxy */;
			sourceTree = BUILT_PRODUCTS_DIR;
		};
		0868428D23F278D700AB9730 /* RedditNetworking.framework */ = {
			isa = PBXReferenceProxy;
			fileType = wrapper.framework;
			path = RedditNetworking.framework;
			remoteRef = 0868428C23F278D700AB9730 /* PBXContainerItemProxy */;
			sourceTree = BUILT_PRODUCTS_DIR;
		};
		0868428F23F278D700AB9730 /* RedditNetworkingTests.xctest */ = {
			isa = PBXReferenceProxy;
			fileType = wrapper.cfbundle;
			path = RedditNetworkingTests.xctest;
			remoteRef = 0868428E23F278D700AB9730 /* PBXContainerItemProxy */;
			sourceTree = BUILT_PRODUCTS_DIR;
		};
		2C333C1B23F45B1100538EED /* RedditCommon.framework */ = {
			isa = PBXReferenceProxy;
			fileType = wrapper.framework;
			path = RedditCommon.framework;
			remoteRef = 2C333C1A23F45B1100538EED /* PBXContainerItemProxy */;
			sourceTree = BUILT_PRODUCTS_DIR;
		};
/* End PBXReferenceProxy section */

/* Begin PBXResourcesBuildPhase section */
		2C70C4A623F1F90700637E76 /* Resources */ = {
			isa = PBXResourcesBuildPhase;
			buildActionMask = 2147483647;
			files = (
				2C70C4BB23F1F90A00637E76 /* LaunchScreen.storyboard in Resources */,
				0839AD6723F5911E00226E43 /* TopicsListModuleViewController.storyboard in Resources */,
				2C70C4B823F1F90A00637E76 /* Assets.xcassets in Resources */,
				0839AD6B23F591DA00226E43 /* ImageFullScreenModuleViewController.storyboard in Resources */,
			);
			runOnlyForDeploymentPostprocessing = 0;
		};
		2C70C4CA23F1F90A00637E76 /* Resources */ = {
			isa = PBXResourcesBuildPhase;
			buildActionMask = 2147483647;
			files = (
			);
			runOnlyForDeploymentPostprocessing = 0;
		};
/* End PBXResourcesBuildPhase section */

/* Begin PBXShellScriptBuildPhase section */
		2C70C4DF23F1FAD100637E76 /* SwiftLint */ = {
			isa = PBXShellScriptBuildPhase;
			buildActionMask = 2147483647;
			files = (
			);
			inputFileListPaths = (
			);
			inputPaths = (
			);
			name = SwiftLint;
			outputFileListPaths = (
			);
			outputPaths = (
			);
			runOnlyForDeploymentPostprocessing = 0;
			shellPath = /bin/sh;
			shellScript = "if which swiftlint >/dev/null; then\n    swiftlint\nelse\n    echo \"warning: SwiftLint not installed, download from https://github.com/realm/SwiftLint\"\nfi\n";
		};
/* End PBXShellScriptBuildPhase section */

/* Begin PBXSourcesBuildPhase section */
		2C70C4A423F1F90700637E76 /* Sources */ = {
			isa = PBXSourcesBuildPhase;
			buildActionMask = 2147483647;
			files = (
				2C15A74223F490D6004C34CA /* RootRouter.swift in Sources */,
				2C333C7423F48A8B00538EED /* AppServiceLocator.swift in Sources */,
				08967C8F23F28A0700D516F5 /* RedditResponse.swift in Sources */,
				0839AD2A23F5880900226E43 /* MainFlowExitRoutingHandlerProtocol.swift in Sources */,
				0839AD8923F5A31100226E43 /* TestsSettingsManagerLocator.swift in Sources */,
				0839AD8623F5A24F00226E43 /* TestsSettingsManager.swift in Sources */,
				0839AD6923F591A500226E43 /* StoryBoard.swift in Sources */,
				0839AD6223F5885200226E43 /* ImageFullScreenModuleInteractor.swift in Sources */,
				0839AD5C23F5885200226E43 /* ImageFullScreenModuleCoordinator.swift in Sources */,
				0839AD3F23F5883500226E43 /* TopicsListModuleCoordinator.swift in Sources */,
				0839AD4623F5883500226E43 /* TopicsListModuleInteractor.swift in Sources */,
				0839AD4023F5883500226E43 /* TopicsListModuleCoordinatorAssembly.swift in Sources */,
				2CD3ADD823F5F41200963113 /* FakeTopicsListModuleInteractor.swift in Sources */,
				0839AD4723F5883500226E43 /* TopicsListModuleRouter.swift in Sources */,
				0839AD4223F5883500226E43 /* TopicsListModuleContracts.swift in Sources */,
				0808A44923F2ED36008AA441 /* AddapterService.swift in Sources */,
				0839AD5E23F5885200226E43 /* ImageFullScreenModuleContracts.swift in Sources */,
				0839AD5B23F5885200226E43 /* ImageFullScreenModuleCoordinatorAssembly.swift in Sources */,
				0839AD2923F5880900226E43 /* MainFlowCoordinator.swift in Sources */,
				0839AD2B23F5880900226E43 /* MainFlowCoordinatorAssembly.swift in Sources */,
				0839AD5D23F5885200226E43 /* ImageFullScreenModuleAssembly.swift in Sources */,
				0839AD8223F5A18900226E43 /* CommandLineArgumentsHandler.swift in Sources */,
				0808A44B23F2ED52008AA441 /* RedditTopicDataSource.swift in Sources */,
				0839AD6323F5885200226E43 /* ImageFullScreenModuleRouter.swift in Sources */,
				0839AD8423F5A18900226E43 /* CommandLineArgument.swift in Sources */,
				2C333C7723F48B2B00538EED /* AppCoordinator.swift in Sources */,
				2C70C4AC23F1F90700637E76 /* AppDelegate.swift in Sources */,
				2C333C7123F48A0100538EED /* RedditApp.swift in Sources */,
				0839AD5F23F5885200226E43 /* ImageFullScreenModulePresenter.swift in Sources */,
				2C333C7923F48B4600538EED /* AppCoordinatorServiceLocator.swift in Sources */,
				0839AD4423F5883500226E43 /* TopicsListModuleViewController.swift in Sources */,
				2C333C6623F4852B00538EED /* AddapterServiceLocator.swift in Sources */,
				2C15A74C23F4A029004C34CA /* Theme.swift in Sources */,
				2C70C4E623F200D800637E76 /* RedditRequest.swift in Sources */,
				2CD3ADD023F5DDAB00963113 /* CellBottomView.swift in Sources */,
				2C333C6023F4833000538EED /* RedditTopicCell.swift in Sources */,
				2C15A74623F492E6004C34CA /* LaunchInstructor.swift in Sources */,
				086A804E23F6CE29000FD9F8 /* RedditTopicWithoutImageCell.swift in Sources */,
				086A805523F6CE73000FD9F8 /* RedditTopicBaseCell.swift in Sources */,
				0839AD6023F5885200226E43 /* ImageFullScreenModuleViewController.swift in Sources */,
				0839AD4123F5883500226E43 /* TopicsListModuleAssembly.swift in Sources */,
				0839AD8323F5A18900226E43 /* EnableUITestsEnvironmentCommandLineArgumentHandler.swift in Sources */,
				0839AD4323F5883500226E43 /* TopicsListModulePresenter.swift in Sources */,
				2CD3ADDA23F5F98300963113 /* TopicsScreenState.swift in Sources */,
				2C333C6423F4850D00538EED /* RedditTopicModel.swift in Sources */,
				2C15A74423F492A7004C34CA /* RootRouterLocator.swift in Sources */,
			);
			runOnlyForDeploymentPostprocessing = 0;
		};
		2C70C4C823F1F90A00637E76 /* Sources */ = {
			isa = PBXSourcesBuildPhase;
			buildActionMask = 2147483647;
			files = (
				0839AD9023F5A87100226E43 /* ImagePage.swift in Sources */,
				0839AD7A23F59F7500226E43 /* XCUIElementQuery.swift in Sources */,
				0839AD9223F5A8D200226E43 /* UITestCase.swift in Sources */,
				0839AD7923F59F7500226E43 /* XCUIElement+Wait.swift in Sources */,
				0839AD7C23F59F7500226E43 /* XCUIElement.swift in Sources */,
				0839AD7823F59F7500226E43 /* RedditApp.swift in Sources */,
				0839AD8A23F5A51500226E43 /* CommandLineArgument.swift in Sources */,
				0839AD7D23F59F7500226E43 /* RunLoop+Testing.swift in Sources */,
				0839AD8E23F5A86300226E43 /* TopicsListPage.swift in Sources */,
				0839AD7B23F59F7500226E43 /* CoreGraphics.swift in Sources */,
				0839AD8C23F5A81000226E43 /* UITestingPage.swift in Sources */,
				0839AD9423F5A90E00226E43 /* OpenImageUITest.swift in Sources */,
			);
			runOnlyForDeploymentPostprocessing = 0;
		};
/* End PBXSourcesBuildPhase section */

/* Begin PBXTargetDependency section */
		2C70C4CE23F1F90A00637E76 /* PBXTargetDependency */ = {
			isa = PBXTargetDependency;
			target = 2C70C4A723F1F90700637E76 /* Reddit_test */;
			targetProxy = 2C70C4CD23F1F90A00637E76 /* PBXContainerItemProxy */;
		};
/* End PBXTargetDependency section */

/* Begin PBXVariantGroup section */
		2C70C4B923F1F90A00637E76 /* LaunchScreen.storyboard */ = {
			isa = PBXVariantGroup;
			children = (
				2C70C4BA23F1F90A00637E76 /* Base */,
			);
			name = LaunchScreen.storyboard;
			sourceTree = "<group>";
		};
/* End PBXVariantGroup section */

/* Begin XCBuildConfiguration section */
		2C70C4D323F1F90B00637E76 /* Debug */ = {
			isa = XCBuildConfiguration;
			buildSettings = {
				ALWAYS_SEARCH_USER_PATHS = NO;
				CLANG_ANALYZER_NONNULL = YES;
				CLANG_ANALYZER_NUMBER_OBJECT_CONVERSION = YES_AGGRESSIVE;
				CLANG_CXX_LANGUAGE_STANDARD = "gnu++14";
				CLANG_CXX_LIBRARY = "libc++";
				CLANG_ENABLE_MODULES = YES;
				CLANG_ENABLE_OBJC_ARC = YES;
				CLANG_ENABLE_OBJC_WEAK = YES;
				CLANG_WARN_BLOCK_CAPTURE_AUTORELEASING = YES;
				CLANG_WARN_BOOL_CONVERSION = YES;
				CLANG_WARN_COMMA = YES;
				CLANG_WARN_CONSTANT_CONVERSION = YES;
				CLANG_WARN_DEPRECATED_OBJC_IMPLEMENTATIONS = YES;
				CLANG_WARN_DIRECT_OBJC_ISA_USAGE = YES_ERROR;
				CLANG_WARN_DOCUMENTATION_COMMENTS = YES;
				CLANG_WARN_EMPTY_BODY = YES;
				CLANG_WARN_ENUM_CONVERSION = YES;
				CLANG_WARN_INFINITE_RECURSION = YES;
				CLANG_WARN_INT_CONVERSION = YES;
				CLANG_WARN_NON_LITERAL_NULL_CONVERSION = YES;
				CLANG_WARN_OBJC_IMPLICIT_RETAIN_SELF = YES;
				CLANG_WARN_OBJC_LITERAL_CONVERSION = YES;
				CLANG_WARN_OBJC_ROOT_CLASS = YES_ERROR;
				CLANG_WARN_RANGE_LOOP_ANALYSIS = YES;
				CLANG_WARN_STRICT_PROTOTYPES = YES;
				CLANG_WARN_SUSPICIOUS_MOVE = YES;
				CLANG_WARN_UNGUARDED_AVAILABILITY = YES_AGGRESSIVE;
				CLANG_WARN_UNREACHABLE_CODE = YES;
				CLANG_WARN__DUPLICATE_METHOD_MATCH = YES;
				COPY_PHASE_STRIP = NO;
				DEBUG_INFORMATION_FORMAT = dwarf;
				ENABLE_STRICT_OBJC_MSGSEND = YES;
				ENABLE_TESTABILITY = YES;
				GCC_C_LANGUAGE_STANDARD = gnu11;
				GCC_DYNAMIC_NO_PIC = NO;
				GCC_NO_COMMON_BLOCKS = YES;
				GCC_OPTIMIZATION_LEVEL = 0;
				GCC_PREPROCESSOR_DEFINITIONS = (
					"DEBUG=1",
					"$(inherited)",
				);
				GCC_WARN_64_TO_32_BIT_CONVERSION = YES;
				GCC_WARN_ABOUT_RETURN_TYPE = YES_ERROR;
				GCC_WARN_UNDECLARED_SELECTOR = YES;
				GCC_WARN_UNINITIALIZED_AUTOS = YES_AGGRESSIVE;
				GCC_WARN_UNUSED_FUNCTION = YES;
				GCC_WARN_UNUSED_VARIABLE = YES;
				IPHONEOS_DEPLOYMENT_TARGET = 13.2;
				MTL_ENABLE_DEBUG_INFO = INCLUDE_SOURCE;
				MTL_FAST_MATH = YES;
				ONLY_ACTIVE_ARCH = YES;
				SDKROOT = iphoneos;
				SWIFT_ACTIVE_COMPILATION_CONDITIONS = DEBUG;
				SWIFT_OPTIMIZATION_LEVEL = "-Onone";
			};
			name = Debug;
		};
		2C70C4D423F1F90B00637E76 /* Release */ = {
			isa = XCBuildConfiguration;
			buildSettings = {
				ALWAYS_SEARCH_USER_PATHS = NO;
				CLANG_ANALYZER_NONNULL = YES;
				CLANG_ANALYZER_NUMBER_OBJECT_CONVERSION = YES_AGGRESSIVE;
				CLANG_CXX_LANGUAGE_STANDARD = "gnu++14";
				CLANG_CXX_LIBRARY = "libc++";
				CLANG_ENABLE_MODULES = YES;
				CLANG_ENABLE_OBJC_ARC = YES;
				CLANG_ENABLE_OBJC_WEAK = YES;
				CLANG_WARN_BLOCK_CAPTURE_AUTORELEASING = YES;
				CLANG_WARN_BOOL_CONVERSION = YES;
				CLANG_WARN_COMMA = YES;
				CLANG_WARN_CONSTANT_CONVERSION = YES;
				CLANG_WARN_DEPRECATED_OBJC_IMPLEMENTATIONS = YES;
				CLANG_WARN_DIRECT_OBJC_ISA_USAGE = YES_ERROR;
				CLANG_WARN_DOCUMENTATION_COMMENTS = YES;
				CLANG_WARN_EMPTY_BODY = YES;
				CLANG_WARN_ENUM_CONVERSION = YES;
				CLANG_WARN_INFINITE_RECURSION = YES;
				CLANG_WARN_INT_CONVERSION = YES;
				CLANG_WARN_NON_LITERAL_NULL_CONVERSION = YES;
				CLANG_WARN_OBJC_IMPLICIT_RETAIN_SELF = YES;
				CLANG_WARN_OBJC_LITERAL_CONVERSION = YES;
				CLANG_WARN_OBJC_ROOT_CLASS = YES_ERROR;
				CLANG_WARN_RANGE_LOOP_ANALYSIS = YES;
				CLANG_WARN_STRICT_PROTOTYPES = YES;
				CLANG_WARN_SUSPICIOUS_MOVE = YES;
				CLANG_WARN_UNGUARDED_AVAILABILITY = YES_AGGRESSIVE;
				CLANG_WARN_UNREACHABLE_CODE = YES;
				CLANG_WARN__DUPLICATE_METHOD_MATCH = YES;
				COPY_PHASE_STRIP = NO;
				DEBUG_INFORMATION_FORMAT = "dwarf-with-dsym";
				ENABLE_NS_ASSERTIONS = NO;
				ENABLE_STRICT_OBJC_MSGSEND = YES;
				GCC_C_LANGUAGE_STANDARD = gnu11;
				GCC_NO_COMMON_BLOCKS = YES;
				GCC_WARN_64_TO_32_BIT_CONVERSION = YES;
				GCC_WARN_ABOUT_RETURN_TYPE = YES_ERROR;
				GCC_WARN_UNDECLARED_SELECTOR = YES;
				GCC_WARN_UNINITIALIZED_AUTOS = YES_AGGRESSIVE;
				GCC_WARN_UNUSED_FUNCTION = YES;
				GCC_WARN_UNUSED_VARIABLE = YES;
				IPHONEOS_DEPLOYMENT_TARGET = 13.2;
				MTL_ENABLE_DEBUG_INFO = NO;
				MTL_FAST_MATH = YES;
				SDKROOT = iphoneos;
				SWIFT_COMPILATION_MODE = wholemodule;
				SWIFT_OPTIMIZATION_LEVEL = "-O";
				VALIDATE_PRODUCT = YES;
			};
			name = Release;
		};
		2C70C4D623F1F90B00637E76 /* Debug */ = {
			isa = XCBuildConfiguration;
			buildSettings = {
				ASSETCATALOG_COMPILER_APPICON_NAME = AppIcon;
				CODE_SIGN_STYLE = Manual;
				DEVELOPMENT_TEAM = "";
				INFOPLIST_FILE = Reddit_test/Resources/Info.plist;
				LD_RUNPATH_SEARCH_PATHS = (
					"$(inherited)",
					"@executable_path/Frameworks",
				);
				PRODUCT_BUNDLE_IDENTIFIER = "com.whoover.Reddit-test";
				PRODUCT_NAME = "$(TARGET_NAME)";
				PROVISIONING_PROFILE_SPECIFIER = "";
				SWIFT_VERSION = 5.0;
				TARGETED_DEVICE_FAMILY = "1,2";
			};
			name = Debug;
		};
		2C70C4D723F1F90B00637E76 /* Release */ = {
			isa = XCBuildConfiguration;
			buildSettings = {
				ASSETCATALOG_COMPILER_APPICON_NAME = AppIcon;
				CODE_SIGN_STYLE = Manual;
				DEVELOPMENT_TEAM = "";
				INFOPLIST_FILE = Reddit_test/Resources/Info.plist;
				LD_RUNPATH_SEARCH_PATHS = (
					"$(inherited)",
					"@executable_path/Frameworks",
				);
				PRODUCT_BUNDLE_IDENTIFIER = "com.whoover.Reddit-test";
				PRODUCT_NAME = "$(TARGET_NAME)";
				PROVISIONING_PROFILE_SPECIFIER = "";
				SWIFT_VERSION = 5.0;
				TARGETED_DEVICE_FAMILY = "1,2";
			};
			name = Release;
		};
		2C70C4DC23F1F90B00637E76 /* Debug */ = {
			isa = XCBuildConfiguration;
			buildSettings = {
				ALWAYS_EMBED_SWIFT_STANDARD_LIBRARIES = YES;
				CLANG_ENABLE_MODULES = YES;
				CODE_SIGN_STYLE = Automatic;
				INFOPLIST_FILE = Reddit_testUITests/Resources/Info.plist;
				LD_RUNPATH_SEARCH_PATHS = (
					"$(inherited)",
					"@executable_path/Frameworks",
					"@loader_path/Frameworks",
				);
				PRODUCT_BUNDLE_IDENTIFIER = "com.whoover.Reddit-testUITests";
				PRODUCT_NAME = "$(TARGET_NAME)";
				SWIFT_OBJC_BRIDGING_HEADER = "Reddit_testUITests/Resources/Reddit_testUITests-Bridging-Header.h";
				SWIFT_OPTIMIZATION_LEVEL = "-Onone";
				SWIFT_VERSION = 5.0;
				TARGETED_DEVICE_FAMILY = "1,2";
				TEST_TARGET_NAME = Reddit_test;
			};
			name = Debug;
		};
		2C70C4DD23F1F90B00637E76 /* Release */ = {
			isa = XCBuildConfiguration;
			buildSettings = {
				ALWAYS_EMBED_SWIFT_STANDARD_LIBRARIES = YES;
				CLANG_ENABLE_MODULES = YES;
				CODE_SIGN_STYLE = Automatic;
				INFOPLIST_FILE = Reddit_testUITests/Resources/Info.plist;
				LD_RUNPATH_SEARCH_PATHS = (
					"$(inherited)",
					"@executable_path/Frameworks",
					"@loader_path/Frameworks",
				);
				PRODUCT_BUNDLE_IDENTIFIER = "com.whoover.Reddit-testUITests";
				PRODUCT_NAME = "$(TARGET_NAME)";
				SWIFT_OBJC_BRIDGING_HEADER = "Reddit_testUITests/Resources/Reddit_testUITests-Bridging-Header.h";
				SWIFT_VERSION = 5.0;
				TARGETED_DEVICE_FAMILY = "1,2";
				TEST_TARGET_NAME = Reddit_test;
			};
			name = Release;
		};
/* End XCBuildConfiguration section */

/* Begin XCConfigurationList section */
		2C70C4A323F1F90700637E76 /* Build configuration list for PBXProject "Reddit_test" */ = {
			isa = XCConfigurationList;
			buildConfigurations = (
				2C70C4D323F1F90B00637E76 /* Debug */,
				2C70C4D423F1F90B00637E76 /* Release */,
			);
			defaultConfigurationIsVisible = 0;
			defaultConfigurationName = Release;
		};
		2C70C4D523F1F90B00637E76 /* Build configuration list for PBXNativeTarget "Reddit_test" */ = {
			isa = XCConfigurationList;
			buildConfigurations = (
				2C70C4D623F1F90B00637E76 /* Debug */,
				2C70C4D723F1F90B00637E76 /* Release */,
			);
			defaultConfigurationIsVisible = 0;
			defaultConfigurationName = Release;
		};
		2C70C4DB23F1F90B00637E76 /* Build configuration list for PBXNativeTarget "Reddit_testUITests" */ = {
			isa = XCConfigurationList;
			buildConfigurations = (
				2C70C4DC23F1F90B00637E76 /* Debug */,
				2C70C4DD23F1F90B00637E76 /* Release */,
			);
			defaultConfigurationIsVisible = 0;
			defaultConfigurationName = Release;
		};
/* End XCConfigurationList section */
	};
	rootObject = 2C70C4A023F1F90700637E76 /* Project object */;
}
